// !$*UTF8*$!
{
	archiveVersion = 1;
	classes = {
	};
	objectVersion = 56;
	objects = {

/* Begin PBXBuildFile section */
		1FBA09922AE6732700A3B42C /* YouTubeTableViewCell.swift in Sources */ = {isa = PBXBuildFile; fileRef = 1FBA09912AE6732700A3B42C /* YouTubeTableViewCell.swift */; };
		4E275AB02AE27D27005146AA /* SearchAPIManager.swift in Sources */ = {isa = PBXBuildFile; fileRef = 4E275AAF2AE27D27005146AA /* SearchAPIManager.swift */; };
		4E275AB22AE27D3A005146AA /* NaverSearchService.swift in Sources */ = {isa = PBXBuildFile; fileRef = 4E275AB12AE27D39005146AA /* NaverSearchService.swift */; };
		526EB6722AE263200073C77D /* RankeImageCellView.swift in Sources */ = {isa = PBXBuildFile; fileRef = 526EB6712AE263200073C77D /* RankeImageCellView.swift */; };
		52D998172AD6A89600679B15 /* AppDelegate.swift in Sources */ = {isa = PBXBuildFile; fileRef = 52D998162AD6A89600679B15 /* AppDelegate.swift */; };
		52D998192AD6A89600679B15 /* SceneDelegate.swift in Sources */ = {isa = PBXBuildFile; fileRef = 52D998182AD6A89600679B15 /* SceneDelegate.swift */; };
		52D998202AD6A89700679B15 /* Assets.xcassets in Resources */ = {isa = PBXBuildFile; fileRef = 52D9981F2AD6A89700679B15 /* Assets.xcassets */; };
		52D998232AD6A89700679B15 /* LaunchScreen.storyboard in Resources */ = {isa = PBXBuildFile; fileRef = 52D998212AD6A89700679B15 /* LaunchScreen.storyboard */; };
		52D9982B2AD6AADC00679B15 /* FeedViewController.swift in Sources */ = {isa = PBXBuildFile; fileRef = 52D9982A2AD6AADC00679B15 /* FeedViewController.swift */; };
		52D9982D2AD6AAF000679B15 /* MyViewController.swift in Sources */ = {isa = PBXBuildFile; fileRef = 52D9982C2AD6AAF000679B15 /* MyViewController.swift */; };
		52D9982F2AD6AAF800679B15 /* UserInfoViewController.swift in Sources */ = {isa = PBXBuildFile; fileRef = 52D9982E2AD6AAF800679B15 /* UserInfoViewController.swift */; };
		52D998312AD6AB0100679B15 /* LoginViewController.swift in Sources */ = {isa = PBXBuildFile; fileRef = 52D998302AD6AB0100679B15 /* LoginViewController.swift */; };
		52D998332AD6AB0E00679B15 /* YouTubeViewController.swift in Sources */ = {isa = PBXBuildFile; fileRef = 52D998322AD6AB0E00679B15 /* YouTubeViewController.swift */; };
		52D998352AD6AB1800679B15 /* CalculatorViewController.swift in Sources */ = {isa = PBXBuildFile; fileRef = 52D998342AD6AB1800679B15 /* CalculatorViewController.swift */; };
		52D998372AD6AB2900679B15 /* MainViewController.swift in Sources */ = {isa = PBXBuildFile; fileRef = 52D998362AD6AB2900679B15 /* MainViewController.swift */; };
		52D998392AD6AB6600679B15 /* PopularityViewController.swift in Sources */ = {isa = PBXBuildFile; fileRef = 52D998382AD6AB6600679B15 /* PopularityViewController.swift */; };
		52D9983B2AD6AB9B00679B15 /* MapViewController.swift in Sources */ = {isa = PBXBuildFile; fileRef = 52D9983A2AD6AB9B00679B15 /* MapViewController.swift */; };
		52D9983D2AD6ABA700679B15 /* WishViewController.swift in Sources */ = {isa = PBXBuildFile; fileRef = 52D9983C2AD6ABA700679B15 /* WishViewController.swift */; };
		52D9983F2AD6ABB500679B15 /* StoreViewController.swift in Sources */ = {isa = PBXBuildFile; fileRef = 52D9983E2AD6ABB500679B15 /* StoreViewController.swift */; };
		52D9984A2AD6B0B900679B15 /* Extension.swift in Sources */ = {isa = PBXBuildFile; fileRef = 52D998492AD6B0B900679B15 /* Extension.swift */; };
		52D9984C2AD6B32F00679B15 /* Helper.swift in Sources */ = {isa = PBXBuildFile; fileRef = 52D9984B2AD6B32F00679B15 /* Helper.swift */; };
		52D9984E2AD6B88600679B15 /* MainView.swift in Sources */ = {isa = PBXBuildFile; fileRef = 52D9984D2AD6B88600679B15 /* MainView.swift */; };
		52D998502AD6BAC000679B15 /* MenuCellView.swift in Sources */ = {isa = PBXBuildFile; fileRef = 52D9984F2AD6BAC000679B15 /* MenuCellView.swift */; };
		52D998562AD6CDF900679B15 /* TabBarController.swift in Sources */ = {isa = PBXBuildFile; fileRef = 52D998552AD6CDF900679B15 /* TabBarController.swift */; };
		EBD2B73B2AE21C61007FD1DA /* FeedModel.swift in Sources */ = {isa = PBXBuildFile; fileRef = EBD2B73A2AE21C61007FD1DA /* FeedModel.swift */; };
		EBD2B73E2AE221F5007FD1DA /* FirebaseAnalytics in Frameworks */ = {isa = PBXBuildFile; productRef = EBD2B73D2AE221F5007FD1DA /* FirebaseAnalytics */; };
		EBD2B7402AE221F5007FD1DA /* FirebaseFirestore in Frameworks */ = {isa = PBXBuildFile; productRef = EBD2B73F2AE221F5007FD1DA /* FirebaseFirestore */; };
		EBD2B7422AE221F5007FD1DA /* FirebaseFirestoreSwift in Frameworks */ = {isa = PBXBuildFile; productRef = EBD2B7412AE221F5007FD1DA /* FirebaseFirestoreSwift */; };
		EBD2B7442AE221F5007FD1DA /* FirebaseStorage in Frameworks */ = {isa = PBXBuildFile; productRef = EBD2B7432AE221F5007FD1DA /* FirebaseStorage */; };
		EBD2B7472AE2220A007FD1DA /* NMapsMap in Frameworks */ = {isa = PBXBuildFile; productRef = EBD2B7462AE2220A007FD1DA /* NMapsMap */; };
		EBD2B74A2AE2221B007FD1DA /* Lottie in Frameworks */ = {isa = PBXBuildFile; productRef = EBD2B7492AE2221B007FD1DA /* Lottie */; };
		EBD2B74D2AE22232007FD1DA /* Moya in Frameworks */ = {isa = PBXBuildFile; productRef = EBD2B74C2AE22232007FD1DA /* Moya */; };
		EBD2B7502AE22241007FD1DA /* SnapKit in Frameworks */ = {isa = PBXBuildFile; productRef = EBD2B74F2AE22241007FD1DA /* SnapKit */; };
		EBD2B7522AE2235C007FD1DA /* FeedFirebaseError.swift in Sources */ = {isa = PBXBuildFile; fileRef = EBD2B7512AE2235C007FD1DA /* FeedFirebaseError.swift */; };
		EBD2B7542AE23FC3007FD1DA /* GoogleService-Info.plist in Resources */ = {isa = PBXBuildFile; fileRef = EBD2B7532AE23FC3007FD1DA /* GoogleService-Info.plist */; };
		EBD2B7582AE23FEE007FD1DA /* FeedTableViewCell.swift in Sources */ = {isa = PBXBuildFile; fileRef = EBD2B7572AE23FEE007FD1DA /* FeedTableViewCell.swift */; };
		EBD2B75A2AE2402F007FD1DA /* ImageCollectionViewCell.swift in Sources */ = {isa = PBXBuildFile; fileRef = EBD2B7592AE2402F007FD1DA /* ImageCollectionViewCell.swift */; };
		EBD2B75E2AE240D1007FD1DA /* FeedTitleView.swift in Sources */ = {isa = PBXBuildFile; fileRef = EBD2B75D2AE240D1007FD1DA /* FeedTitleView.swift */; };
		EBD2B7602AE240FA007FD1DA /* FeedView.swift in Sources */ = {isa = PBXBuildFile; fileRef = EBD2B75F2AE240FA007FD1DA /* FeedView.swift */; };
		EBD2B7622AE2410F007FD1DA /* AddPostView.swift in Sources */ = {isa = PBXBuildFile; fileRef = EBD2B7612AE2410F007FD1DA /* AddPostView.swift */; };
		EBD2B7642AE241E7007FD1DA /* AddPostViewController.swift in Sources */ = {isa = PBXBuildFile; fileRef = EBD2B7632AE241E7007FD1DA /* AddPostViewController.swift */; };
		EBD2B7662AE24210007FD1DA /* FeedFirebase.swift in Sources */ = {isa = PBXBuildFile; fileRef = EBD2B7652AE24210007FD1DA /* FeedFirebase.swift */; };
/* End PBXBuildFile section */

/* Begin PBXFileReference section */
		1FBA09912AE6732700A3B42C /* YouTubeTableViewCell.swift */ = {isa = PBXFileReference; lastKnownFileType = sourcecode.swift; path = YouTubeTableViewCell.swift; sourceTree = "<group>"; };
		4E275AAF2AE27D27005146AA /* SearchAPIManager.swift */ = {isa = PBXFileReference; lastKnownFileType = sourcecode.swift; path = SearchAPIManager.swift; sourceTree = "<group>"; };
		4E275AB12AE27D39005146AA /* NaverSearchService.swift */ = {isa = PBXFileReference; lastKnownFileType = sourcecode.swift; path = NaverSearchService.swift; sourceTree = "<group>"; };
		526EB6712AE263200073C77D /* RankeImageCellView.swift */ = {isa = PBXFileReference; lastKnownFileType = sourcecode.swift; path = RankeImageCellView.swift; sourceTree = "<group>"; };
		52D998132AD6A89600679B15 /* DearMyFriend.app */ = {isa = PBXFileReference; explicitFileType = wrapper.application; includeInIndex = 0; path = DearMyFriend.app; sourceTree = BUILT_PRODUCTS_DIR; };
		52D998162AD6A89600679B15 /* AppDelegate.swift */ = {isa = PBXFileReference; lastKnownFileType = sourcecode.swift; path = AppDelegate.swift; sourceTree = "<group>"; };
		52D998182AD6A89600679B15 /* SceneDelegate.swift */ = {isa = PBXFileReference; lastKnownFileType = sourcecode.swift; path = SceneDelegate.swift; sourceTree = "<group>"; };
		52D9981F2AD6A89700679B15 /* Assets.xcassets */ = {isa = PBXFileReference; lastKnownFileType = folder.assetcatalog; path = Assets.xcassets; sourceTree = "<group>"; };
		52D998222AD6A89700679B15 /* Base */ = {isa = PBXFileReference; lastKnownFileType = file.storyboard; name = Base; path = Base.lproj/LaunchScreen.storyboard; sourceTree = "<group>"; };
		52D998242AD6A89700679B15 /* Info.plist */ = {isa = PBXFileReference; lastKnownFileType = text.plist.xml; path = Info.plist; sourceTree = "<group>"; };
		52D9982A2AD6AADC00679B15 /* FeedViewController.swift */ = {isa = PBXFileReference; lastKnownFileType = sourcecode.swift; path = FeedViewController.swift; sourceTree = "<group>"; };
		52D9982C2AD6AAF000679B15 /* MyViewController.swift */ = {isa = PBXFileReference; lastKnownFileType = sourcecode.swift; path = MyViewController.swift; sourceTree = "<group>"; };
		52D9982E2AD6AAF800679B15 /* UserInfoViewController.swift */ = {isa = PBXFileReference; lastKnownFileType = sourcecode.swift; path = UserInfoViewController.swift; sourceTree = "<group>"; };
		52D998302AD6AB0100679B15 /* LoginViewController.swift */ = {isa = PBXFileReference; lastKnownFileType = sourcecode.swift; path = LoginViewController.swift; sourceTree = "<group>"; };
		52D998322AD6AB0E00679B15 /* YouTubeViewController.swift */ = {isa = PBXFileReference; lastKnownFileType = sourcecode.swift; path = YouTubeViewController.swift; sourceTree = "<group>"; };
		52D998342AD6AB1800679B15 /* CalculatorViewController.swift */ = {isa = PBXFileReference; lastKnownFileType = sourcecode.swift; path = CalculatorViewController.swift; sourceTree = "<group>"; };
		52D998362AD6AB2900679B15 /* MainViewController.swift */ = {isa = PBXFileReference; lastKnownFileType = sourcecode.swift; path = MainViewController.swift; sourceTree = "<group>"; };
		52D998382AD6AB6600679B15 /* PopularityViewController.swift */ = {isa = PBXFileReference; lastKnownFileType = sourcecode.swift; path = PopularityViewController.swift; sourceTree = "<group>"; };
		52D9983A2AD6AB9B00679B15 /* MapViewController.swift */ = {isa = PBXFileReference; lastKnownFileType = sourcecode.swift; path = MapViewController.swift; sourceTree = "<group>"; };
		52D9983C2AD6ABA700679B15 /* WishViewController.swift */ = {isa = PBXFileReference; lastKnownFileType = sourcecode.swift; path = WishViewController.swift; sourceTree = "<group>"; };
		52D9983E2AD6ABB500679B15 /* StoreViewController.swift */ = {isa = PBXFileReference; lastKnownFileType = sourcecode.swift; path = StoreViewController.swift; sourceTree = "<group>"; };
		52D998492AD6B0B900679B15 /* Extension.swift */ = {isa = PBXFileReference; lastKnownFileType = sourcecode.swift; path = Extension.swift; sourceTree = "<group>"; };
		52D9984B2AD6B32F00679B15 /* Helper.swift */ = {isa = PBXFileReference; lastKnownFileType = sourcecode.swift; path = Helper.swift; sourceTree = "<group>"; };
		52D9984D2AD6B88600679B15 /* MainView.swift */ = {isa = PBXFileReference; lastKnownFileType = sourcecode.swift; path = MainView.swift; sourceTree = "<group>"; };
		52D9984F2AD6BAC000679B15 /* MenuCellView.swift */ = {isa = PBXFileReference; lastKnownFileType = sourcecode.swift; path = MenuCellView.swift; sourceTree = "<group>"; };
		52D998552AD6CDF900679B15 /* TabBarController.swift */ = {isa = PBXFileReference; lastKnownFileType = sourcecode.swift; path = TabBarController.swift; sourceTree = "<group>"; };
		EBD2B73A2AE21C61007FD1DA /* FeedModel.swift */ = {isa = PBXFileReference; lastKnownFileType = sourcecode.swift; path = FeedModel.swift; sourceTree = "<group>"; };
		EBD2B7512AE2235C007FD1DA /* FeedFirebaseError.swift */ = {isa = PBXFileReference; lastKnownFileType = sourcecode.swift; path = FeedFirebaseError.swift; sourceTree = "<group>"; };
		EBD2B7532AE23FC3007FD1DA /* GoogleService-Info.plist */ = {isa = PBXFileReference; fileEncoding = 4; lastKnownFileType = text.plist.xml; path = "GoogleService-Info.plist"; sourceTree = "<group>"; };
		EBD2B7572AE23FEE007FD1DA /* FeedTableViewCell.swift */ = {isa = PBXFileReference; lastKnownFileType = sourcecode.swift; path = FeedTableViewCell.swift; sourceTree = "<group>"; };
		EBD2B7592AE2402F007FD1DA /* ImageCollectionViewCell.swift */ = {isa = PBXFileReference; lastKnownFileType = sourcecode.swift; path = ImageCollectionViewCell.swift; sourceTree = "<group>"; };
		EBD2B75D2AE240D1007FD1DA /* FeedTitleView.swift */ = {isa = PBXFileReference; lastKnownFileType = sourcecode.swift; path = FeedTitleView.swift; sourceTree = "<group>"; };
		EBD2B75F2AE240FA007FD1DA /* FeedView.swift */ = {isa = PBXFileReference; lastKnownFileType = sourcecode.swift; path = FeedView.swift; sourceTree = "<group>"; };
		EBD2B7612AE2410F007FD1DA /* AddPostView.swift */ = {isa = PBXFileReference; lastKnownFileType = sourcecode.swift; path = AddPostView.swift; sourceTree = "<group>"; };
		EBD2B7632AE241E7007FD1DA /* AddPostViewController.swift */ = {isa = PBXFileReference; lastKnownFileType = sourcecode.swift; path = AddPostViewController.swift; sourceTree = "<group>"; };
		EBD2B7652AE24210007FD1DA /* FeedFirebase.swift */ = {isa = PBXFileReference; lastKnownFileType = sourcecode.swift; path = FeedFirebase.swift; sourceTree = "<group>"; };
/* End PBXFileReference section */

/* Begin PBXFrameworksBuildPhase section */
		52D998102AD6A89600679B15 /* Frameworks */ = {
			isa = PBXFrameworksBuildPhase;
			buildActionMask = 2147483647;
			files = (
				EBD2B73E2AE221F5007FD1DA /* FirebaseAnalytics in Frameworks */,
				EBD2B7502AE22241007FD1DA /* SnapKit in Frameworks */,
				EBD2B7442AE221F5007FD1DA /* FirebaseStorage in Frameworks */,
				EBD2B7472AE2220A007FD1DA /* NMapsMap in Frameworks */,
				EBD2B7402AE221F5007FD1DA /* FirebaseFirestore in Frameworks */,
				EBD2B7422AE221F5007FD1DA /* FirebaseFirestoreSwift in Frameworks */,
				EBD2B74D2AE22232007FD1DA /* Moya in Frameworks */,
				EBD2B74A2AE2221B007FD1DA /* Lottie in Frameworks */,
			);
			runOnlyForDeploymentPostprocessing = 0;
		};
/* End PBXFrameworksBuildPhase section */

/* Begin PBXGroup section */
		526EB6702AE226430073C77D /* MainPage */ = {
			isa = PBXGroup;
			children = (
				52D9984D2AD6B88600679B15 /* MainView.swift */,
				52D9984F2AD6BAC000679B15 /* MenuCellView.swift */,
				526EB6712AE263200073C77D /* RankeImageCellView.swift */,
			);
			path = MainPage;
			sourceTree = "<group>";
		};
		52D9980A2AD6A89600679B15 = {
			isa = PBXGroup;
			children = (
				52D998152AD6A89600679B15 /* DearMyFriend */,
				52D998142AD6A89600679B15 /* Products */,
			);
			sourceTree = "<group>";
		};
		52D998142AD6A89600679B15 /* Products */ = {
			isa = PBXGroup;
			children = (
				52D998132AD6A89600679B15 /* DearMyFriend.app */,
			);
			name = Products;
			sourceTree = "<group>";
		};
		52D998152AD6A89600679B15 /* DearMyFriend */ = {
			isa = PBXGroup;
			children = (
				52D998162AD6A89600679B15 /* AppDelegate.swift */,
				52D998182AD6A89600679B15 /* SceneDelegate.swift */,
				52D998492AD6B0B900679B15 /* Extension.swift */,
				52D9984B2AD6B32F00679B15 /* Helper.swift */,
				52D9981F2AD6A89700679B15 /* Assets.xcassets */,
				52D998212AD6A89700679B15 /* LaunchScreen.storyboard */,
				52D998242AD6A89700679B15 /* Info.plist */,
				EBD2B7532AE23FC3007FD1DA /* GoogleService-Info.plist */,
				EBD2B7382AE21C4A007FD1DA /* Model */,
				52D998412AD6AC7600679B15 /* View */,
				52D998422AD6AC7B00679B15 /* ViewController */,
			);
			path = DearMyFriend;
			sourceTree = "<group>";
		};
		52D998412AD6AC7600679B15 /* View */ = {
			isa = PBXGroup;
			children = (
				EBD2B7552AE23FCD007FD1DA /* Feed */,
				526EB6702AE226430073C77D /* MainPage */,
			);
			path = View;
			sourceTree = "<group>";
		};
		52D998422AD6AC7B00679B15 /* ViewController */ = {
			isa = PBXGroup;
			children = (
				52D998432AD6AC8B00679B15 /* Login */,
				52D998572AD6CE9C00679B15 /* Entry */,
			);
			path = ViewController;
			sourceTree = "<group>";
		};
		52D998432AD6AC8B00679B15 /* Login */ = {
			isa = PBXGroup;
			children = (
				52D998302AD6AB0100679B15 /* LoginViewController.swift */,
				52D9982E2AD6AAF800679B15 /* UserInfoViewController.swift */,
			);
			path = Login;
			sourceTree = "<group>";
		};
		52D998442AD6AE1400679B15 /* Main */ = {
			isa = PBXGroup;
			children = (
				52D998362AD6AB2900679B15 /* MainViewController.swift */,
				52D998382AD6AB6600679B15 /* PopularityViewController.swift */,
				52D998482AD6B01E00679B15 /* Menu */,
			);
			path = Main;
			sourceTree = "<group>";
		};
		52D998452AD6AE4800679B15 /* MyProfile */ = {
			isa = PBXGroup;
			children = (
				52D9982C2AD6AAF000679B15 /* MyViewController.swift */,
			);
			path = MyProfile;
			sourceTree = "<group>";
		};
		52D998462AD6AE7400679B15 /* Feed */ = {
			isa = PBXGroup;
			children = (
				52D9982A2AD6AADC00679B15 /* FeedViewController.swift */,
				EBD2B7632AE241E7007FD1DA /* AddPostViewController.swift */,
				EBD2B7652AE24210007FD1DA /* FeedFirebase.swift */,
			);
			path = Feed;
			sourceTree = "<group>";
		};
		52D998482AD6B01E00679B15 /* Menu */ = {
			isa = PBXGroup;
			children = (
				52D998322AD6AB0E00679B15 /* YouTubeViewController.swift */,
				1FBA09912AE6732700A3B42C /* YouTubeTableViewCell.swift */,
				52D9983A2AD6AB9B00679B15 /* MapViewController.swift */,
				4E275AAF2AE27D27005146AA /* SearchAPIManager.swift */,
				4E275AB12AE27D39005146AA /* NaverSearchService.swift */,
				52D9983C2AD6ABA700679B15 /* WishViewController.swift */,
				52D9983E2AD6ABB500679B15 /* StoreViewController.swift */,
				52D998342AD6AB1800679B15 /* CalculatorViewController.swift */,
			);
			path = Menu;
			sourceTree = "<group>";
		};
		52D998572AD6CE9C00679B15 /* Entry */ = {
			isa = PBXGroup;
			children = (
				52D998552AD6CDF900679B15 /* TabBarController.swift */,
				52D998462AD6AE7400679B15 /* Feed */,
				52D998442AD6AE1400679B15 /* Main */,
				52D998452AD6AE4800679B15 /* MyProfile */,
			);
			path = Entry;
			sourceTree = "<group>";
		};
		EBD2B7382AE21C4A007FD1DA /* Model */ = {
			isa = PBXGroup;
			children = (
				EBD2B7392AE21C56007FD1DA /* Feed */,
			);
			path = Model;
			sourceTree = "<group>";
		};
		EBD2B7392AE21C56007FD1DA /* Feed */ = {
			isa = PBXGroup;
			children = (
				EBD2B73A2AE21C61007FD1DA /* FeedModel.swift */,
				EBD2B7512AE2235C007FD1DA /* FeedFirebaseError.swift */,
			);
			path = Feed;
			sourceTree = "<group>";
		};
		EBD2B7552AE23FCD007FD1DA /* Feed */ = {
			isa = PBXGroup;
			children = (
				EBD2B7562AE23FDA007FD1DA /* Cell */,
				EBD2B75D2AE240D1007FD1DA /* FeedTitleView.swift */,
				EBD2B75F2AE240FA007FD1DA /* FeedView.swift */,
				EBD2B7612AE2410F007FD1DA /* AddPostView.swift */,
			);
			path = Feed;
			sourceTree = "<group>";
		};
		EBD2B7562AE23FDA007FD1DA /* Cell */ = {
			isa = PBXGroup;
			children = (
				EBD2B7572AE23FEE007FD1DA /* FeedTableViewCell.swift */,
				EBD2B7592AE2402F007FD1DA /* ImageCollectionViewCell.swift */,
			);
			path = Cell;
			sourceTree = "<group>";
		};
/* End PBXGroup section */

/* Begin PBXNativeTarget section */
		52D998122AD6A89600679B15 /* DearMyFriend */ = {
			isa = PBXNativeTarget;
			buildConfigurationList = 52D998272AD6A89700679B15 /* Build configuration list for PBXNativeTarget "DearMyFriend" */;
			buildPhases = (
				52D9980F2AD6A89600679B15 /* Sources */,
				52D998102AD6A89600679B15 /* Frameworks */,
				52D998112AD6A89600679B15 /* Resources */,
			);
			buildRules = (
			);
			dependencies = (
			);
			name = DearMyFriend;
			packageProductDependencies = (
				EBD2B73D2AE221F5007FD1DA /* FirebaseAnalytics */,
				EBD2B73F2AE221F5007FD1DA /* FirebaseFirestore */,
				EBD2B7412AE221F5007FD1DA /* FirebaseFirestoreSwift */,
				EBD2B7432AE221F5007FD1DA /* FirebaseStorage */,
				EBD2B7462AE2220A007FD1DA /* NMapsMap */,
				EBD2B7492AE2221B007FD1DA /* Lottie */,
				EBD2B74C2AE22232007FD1DA /* Moya */,
				EBD2B74F2AE22241007FD1DA /* SnapKit */,
			);
			productName = DearMyFriend;
			productReference = 52D998132AD6A89600679B15 /* DearMyFriend.app */;
			productType = "com.apple.product-type.application";
		};
/* End PBXNativeTarget section */

/* Begin PBXProject section */
		52D9980B2AD6A89600679B15 /* Project object */ = {
			isa = PBXProject;
			attributes = {
				BuildIndependentTargetsInParallel = 1;
				LastSwiftUpdateCheck = 1500;
				LastUpgradeCheck = 1500;
				TargetAttributes = {
					52D998122AD6A89600679B15 = {
						CreatedOnToolsVersion = 15.0;
					};
				};
			};
			buildConfigurationList = 52D9980E2AD6A89600679B15 /* Build configuration list for PBXProject "DearMyFriend" */;
			compatibilityVersion = "Xcode 14.0";
			developmentRegion = en;
			hasScannedForEncodings = 0;
			knownRegions = (
				en,
				Base,
			);
			mainGroup = 52D9980A2AD6A89600679B15;
			packageReferences = (
				EBD2B73C2AE221F5007FD1DA /* XCRemoteSwiftPackageReference "firebase-ios-sdk" */,
				EBD2B7452AE2220A007FD1DA /* XCRemoteSwiftPackageReference "NMapsMap" */,
				EBD2B7482AE2221B007FD1DA /* XCRemoteSwiftPackageReference "lottie-ios" */,
				EBD2B74B2AE22232007FD1DA /* XCRemoteSwiftPackageReference "Moya" */,
				EBD2B74E2AE22241007FD1DA /* XCRemoteSwiftPackageReference "SnapKit" */,
			);
			productRefGroup = 52D998142AD6A89600679B15 /* Products */;
			projectDirPath = "";
			projectRoot = "";
			targets = (
				52D998122AD6A89600679B15 /* DearMyFriend */,
			);
		};
/* End PBXProject section */

/* Begin PBXResourcesBuildPhase section */
		52D998112AD6A89600679B15 /* Resources */ = {
			isa = PBXResourcesBuildPhase;
			buildActionMask = 2147483647;
			files = (
				52D998232AD6A89700679B15 /* LaunchScreen.storyboard in Resources */,
				EBD2B7542AE23FC3007FD1DA /* GoogleService-Info.plist in Resources */,
				52D998202AD6A89700679B15 /* Assets.xcassets in Resources */,
			);
			runOnlyForDeploymentPostprocessing = 0;
		};
/* End PBXResourcesBuildPhase section */

/* Begin PBXSourcesBuildPhase section */
		52D9980F2AD6A89600679B15 /* Sources */ = {
			isa = PBXSourcesBuildPhase;
			buildActionMask = 2147483647;
			files = (
				52D998312AD6AB0100679B15 /* LoginViewController.swift in Sources */,
				EBD2B73B2AE21C61007FD1DA /* FeedModel.swift in Sources */,
				52D998332AD6AB0E00679B15 /* YouTubeViewController.swift in Sources */,
				52D9984C2AD6B32F00679B15 /* Helper.swift in Sources */,
				EBD2B7642AE241E7007FD1DA /* AddPostViewController.swift in Sources */,
				52D998562AD6CDF900679B15 /* TabBarController.swift in Sources */,
				52D998502AD6BAC000679B15 /* MenuCellView.swift in Sources */,
				52D9982F2AD6AAF800679B15 /* UserInfoViewController.swift in Sources */,
				52D998392AD6AB6600679B15 /* PopularityViewController.swift in Sources */,
				52D998172AD6A89600679B15 /* AppDelegate.swift in Sources */,
				EBD2B7522AE2235C007FD1DA /* FeedFirebaseError.swift in Sources */,
				52D9983F2AD6ABB500679B15 /* StoreViewController.swift in Sources */,
				52D9982B2AD6AADC00679B15 /* FeedViewController.swift in Sources */,
				EBD2B75A2AE2402F007FD1DA /* ImageCollectionViewCell.swift in Sources */,
				52D9983B2AD6AB9B00679B15 /* MapViewController.swift in Sources */,
				52D9984E2AD6B88600679B15 /* MainView.swift in Sources */,
				52D9982D2AD6AAF000679B15 /* MyViewController.swift in Sources */,
				EBD2B7602AE240FA007FD1DA /* FeedView.swift in Sources */,
				526EB6722AE263200073C77D /* RankeImageCellView.swift in Sources */,
				52D9984A2AD6B0B900679B15 /* Extension.swift in Sources */,
				EBD2B7662AE24210007FD1DA /* FeedFirebase.swift in Sources */,
				EBD2B7582AE23FEE007FD1DA /* FeedTableViewCell.swift in Sources */,
				EBD2B7622AE2410F007FD1DA /* AddPostView.swift in Sources */,
				52D998352AD6AB1800679B15 /* CalculatorViewController.swift in Sources */,
				4E275AB22AE27D3A005146AA /* NaverSearchService.swift in Sources */,
				1FBA09922AE6732700A3B42C /* YouTubeTableViewCell.swift in Sources */,
				4E275AB02AE27D27005146AA /* SearchAPIManager.swift in Sources */,
				52D998192AD6A89600679B15 /* SceneDelegate.swift in Sources */,
				EBD2B75E2AE240D1007FD1DA /* FeedTitleView.swift in Sources */,
				52D9983D2AD6ABA700679B15 /* WishViewController.swift in Sources */,
				52D998372AD6AB2900679B15 /* MainViewController.swift in Sources */,
			);
			runOnlyForDeploymentPostprocessing = 0;
		};
/* End PBXSourcesBuildPhase section */

/* Begin PBXVariantGroup section */
		52D998212AD6A89700679B15 /* LaunchScreen.storyboard */ = {
			isa = PBXVariantGroup;
			children = (
				52D998222AD6A89700679B15 /* Base */,
			);
			name = LaunchScreen.storyboard;
			sourceTree = "<group>";
		};
/* End PBXVariantGroup section */

/* Begin XCBuildConfiguration section */
		52D998252AD6A89700679B15 /* Debug */ = {
			isa = XCBuildConfiguration;
			buildSettings = {
				ALWAYS_SEARCH_USER_PATHS = NO;
				ASSETCATALOG_COMPILER_GENERATE_SWIFT_ASSET_SYMBOL_EXTENSIONS = YES;
				CLANG_ANALYZER_NONNULL = YES;
				CLANG_ANALYZER_NUMBER_OBJECT_CONVERSION = YES_AGGRESSIVE;
				CLANG_CXX_LANGUAGE_STANDARD = "gnu++20";
				CLANG_ENABLE_MODULES = YES;
				CLANG_ENABLE_OBJC_ARC = YES;
				CLANG_ENABLE_OBJC_WEAK = YES;
				CLANG_WARN_BLOCK_CAPTURE_AUTORELEASING = YES;
				CLANG_WARN_BOOL_CONVERSION = YES;
				CLANG_WARN_COMMA = YES;
				CLANG_WARN_CONSTANT_CONVERSION = YES;
				CLANG_WARN_DEPRECATED_OBJC_IMPLEMENTATIONS = YES;
				CLANG_WARN_DIRECT_OBJC_ISA_USAGE = YES_ERROR;
				CLANG_WARN_DOCUMENTATION_COMMENTS = YES;
				CLANG_WARN_EMPTY_BODY = YES;
				CLANG_WARN_ENUM_CONVERSION = YES;
				CLANG_WARN_INFINITE_RECURSION = YES;
				CLANG_WARN_INT_CONVERSION = YES;
				CLANG_WARN_NON_LITERAL_NULL_CONVERSION = YES;
				CLANG_WARN_OBJC_IMPLICIT_RETAIN_SELF = YES;
				CLANG_WARN_OBJC_LITERAL_CONVERSION = YES;
				CLANG_WARN_OBJC_ROOT_CLASS = YES_ERROR;
				CLANG_WARN_QUOTED_INCLUDE_IN_FRAMEWORK_HEADER = YES;
				CLANG_WARN_RANGE_LOOP_ANALYSIS = YES;
				CLANG_WARN_STRICT_PROTOTYPES = YES;
				CLANG_WARN_SUSPICIOUS_MOVE = YES;
				CLANG_WARN_UNGUARDED_AVAILABILITY = YES_AGGRESSIVE;
				CLANG_WARN_UNREACHABLE_CODE = YES;
				CLANG_WARN__DUPLICATE_METHOD_MATCH = YES;
				COPY_PHASE_STRIP = NO;
				DEBUG_INFORMATION_FORMAT = dwarf;
				ENABLE_STRICT_OBJC_MSGSEND = YES;
				ENABLE_TESTABILITY = YES;
				ENABLE_USER_SCRIPT_SANDBOXING = YES;
				GCC_C_LANGUAGE_STANDARD = gnu17;
				GCC_DYNAMIC_NO_PIC = NO;
				GCC_NO_COMMON_BLOCKS = YES;
				GCC_OPTIMIZATION_LEVEL = 0;
				GCC_PREPROCESSOR_DEFINITIONS = (
					"DEBUG=1",
					"$(inherited)",
				);
				GCC_WARN_64_TO_32_BIT_CONVERSION = YES;
				GCC_WARN_ABOUT_RETURN_TYPE = YES_ERROR;
				GCC_WARN_UNDECLARED_SELECTOR = YES;
				GCC_WARN_UNINITIALIZED_AUTOS = YES_AGGRESSIVE;
				GCC_WARN_UNUSED_FUNCTION = YES;
				GCC_WARN_UNUSED_VARIABLE = YES;
				IPHONEOS_DEPLOYMENT_TARGET = 17.0;
				LOCALIZATION_PREFERS_STRING_CATALOGS = YES;
				MTL_ENABLE_DEBUG_INFO = INCLUDE_SOURCE;
				MTL_FAST_MATH = YES;
				ONLY_ACTIVE_ARCH = YES;
				SDKROOT = iphoneos;
				SWIFT_ACTIVE_COMPILATION_CONDITIONS = "DEBUG $(inherited)";
				SWIFT_OPTIMIZATION_LEVEL = "-Onone";
			};
			name = Debug;
		};
		52D998262AD6A89700679B15 /* Release */ = {
			isa = XCBuildConfiguration;
			buildSettings = {
				ALWAYS_SEARCH_USER_PATHS = NO;
				ASSETCATALOG_COMPILER_GENERATE_SWIFT_ASSET_SYMBOL_EXTENSIONS = YES;
				CLANG_ANALYZER_NONNULL = YES;
				CLANG_ANALYZER_NUMBER_OBJECT_CONVERSION = YES_AGGRESSIVE;
				CLANG_CXX_LANGUAGE_STANDARD = "gnu++20";
				CLANG_ENABLE_MODULES = YES;
				CLANG_ENABLE_OBJC_ARC = YES;
				CLANG_ENABLE_OBJC_WEAK = YES;
				CLANG_WARN_BLOCK_CAPTURE_AUTORELEASING = YES;
				CLANG_WARN_BOOL_CONVERSION = YES;
				CLANG_WARN_COMMA = YES;
				CLANG_WARN_CONSTANT_CONVERSION = YES;
				CLANG_WARN_DEPRECATED_OBJC_IMPLEMENTATIONS = YES;
				CLANG_WARN_DIRECT_OBJC_ISA_USAGE = YES_ERROR;
				CLANG_WARN_DOCUMENTATION_COMMENTS = YES;
				CLANG_WARN_EMPTY_BODY = YES;
				CLANG_WARN_ENUM_CONVERSION = YES;
				CLANG_WARN_INFINITE_RECURSION = YES;
				CLANG_WARN_INT_CONVERSION = YES;
				CLANG_WARN_NON_LITERAL_NULL_CONVERSION = YES;
				CLANG_WARN_OBJC_IMPLICIT_RETAIN_SELF = YES;
				CLANG_WARN_OBJC_LITERAL_CONVERSION = YES;
				CLANG_WARN_OBJC_ROOT_CLASS = YES_ERROR;
				CLANG_WARN_QUOTED_INCLUDE_IN_FRAMEWORK_HEADER = YES;
				CLANG_WARN_RANGE_LOOP_ANALYSIS = YES;
				CLANG_WARN_STRICT_PROTOTYPES = YES;
				CLANG_WARN_SUSPICIOUS_MOVE = YES;
				CLANG_WARN_UNGUARDED_AVAILABILITY = YES_AGGRESSIVE;
				CLANG_WARN_UNREACHABLE_CODE = YES;
				CLANG_WARN__DUPLICATE_METHOD_MATCH = YES;
				COPY_PHASE_STRIP = NO;
				DEBUG_INFORMATION_FORMAT = "dwarf-with-dsym";
				ENABLE_NS_ASSERTIONS = NO;
				ENABLE_STRICT_OBJC_MSGSEND = YES;
				ENABLE_USER_SCRIPT_SANDBOXING = YES;
				GCC_C_LANGUAGE_STANDARD = gnu17;
				GCC_NO_COMMON_BLOCKS = YES;
				GCC_WARN_64_TO_32_BIT_CONVERSION = YES;
				GCC_WARN_ABOUT_RETURN_TYPE = YES_ERROR;
				GCC_WARN_UNDECLARED_SELECTOR = YES;
				GCC_WARN_UNINITIALIZED_AUTOS = YES_AGGRESSIVE;
				GCC_WARN_UNUSED_FUNCTION = YES;
				GCC_WARN_UNUSED_VARIABLE = YES;
				IPHONEOS_DEPLOYMENT_TARGET = 17.0;
				LOCALIZATION_PREFERS_STRING_CATALOGS = YES;
				MTL_ENABLE_DEBUG_INFO = NO;
				MTL_FAST_MATH = YES;
				SDKROOT = iphoneos;
				SWIFT_COMPILATION_MODE = wholemodule;
				VALIDATE_PRODUCT = YES;
			};
			name = Release;
		};
		52D998282AD6A89700679B15 /* Debug */ = {
			isa = XCBuildConfiguration;
			buildSettings = {
				ASSETCATALOG_COMPILER_APPICON_NAME = AppIcon;
				ASSETCATALOG_COMPILER_GLOBAL_ACCENT_COLOR_NAME = AccentColor;
				CODE_SIGN_STYLE = Automatic;
				CURRENT_PROJECT_VERSION = 1;
				DEVELOPMENT_TEAM = LNXWGGBBH6;
				GENERATE_INFOPLIST_FILE = YES;
				INFOPLIST_FILE = DearMyFriend/Info.plist;
				INFOPLIST_KEY_UIApplicationSupportsIndirectInputEvents = YES;
				INFOPLIST_KEY_UILaunchStoryboardName = LaunchScreen;
				INFOPLIST_KEY_UIStatusBarStyle = "";
				INFOPLIST_KEY_UISupportedInterfaceOrientations_iPad = "UIInterfaceOrientationLandscapeLeft UIInterfaceOrientationLandscapeRight UIInterfaceOrientationPortrait UIInterfaceOrientationPortraitUpsideDown";
				IPHONEOS_DEPLOYMENT_TARGET = 15.0;
				LD_RUNPATH_SEARCH_PATHS = (
					"$(inherited)",
					"@executable_path/Frameworks",
				);
				MARKETING_VERSION = 1.0;
				PRODUCT_BUNDLE_IDENTIFIER = com.DearMyFriend.DearMyFriend;
				PRODUCT_NAME = "$(TARGET_NAME)";
				SUPPORTED_PLATFORMS = "iphoneos iphonesimulator";
				SUPPORTS_MACCATALYST = NO;
				SUPPORTS_MAC_DESIGNED_FOR_IPHONE_IPAD = NO;
				SWIFT_EMIT_LOC_STRINGS = YES;
				SWIFT_VERSION = 5.0;
				TARGETED_DEVICE_FAMILY = 1;
			};
			name = Debug;
		};
		52D998292AD6A89700679B15 /* Release */ = {
			isa = XCBuildConfiguration;
			buildSettings = {
				ASSETCATALOG_COMPILER_APPICON_NAME = AppIcon;
				ASSETCATALOG_COMPILER_GLOBAL_ACCENT_COLOR_NAME = AccentColor;
				CODE_SIGN_STYLE = Automatic;
				CURRENT_PROJECT_VERSION = 1;
				DEVELOPMENT_TEAM = LNXWGGBBH6;
				GENERATE_INFOPLIST_FILE = YES;
				INFOPLIST_FILE = DearMyFriend/Info.plist;
				INFOPLIST_KEY_UIApplicationSupportsIndirectInputEvents = YES;
				INFOPLIST_KEY_UILaunchStoryboardName = LaunchScreen;
				INFOPLIST_KEY_UIStatusBarStyle = "";
				INFOPLIST_KEY_UISupportedInterfaceOrientations_iPad = "UIInterfaceOrientationLandscapeLeft UIInterfaceOrientationLandscapeRight UIInterfaceOrientationPortrait UIInterfaceOrientationPortraitUpsideDown";
				IPHONEOS_DEPLOYMENT_TARGET = 15.0;
				LD_RUNPATH_SEARCH_PATHS = (
					"$(inherited)",
					"@executable_path/Frameworks",
				);
				MARKETING_VERSION = 1.0;
				PRODUCT_BUNDLE_IDENTIFIER = com.DearMyFriend.DearMyFriend;
				PRODUCT_NAME = "$(TARGET_NAME)";
				SUPPORTED_PLATFORMS = "iphoneos iphonesimulator";
				SUPPORTS_MACCATALYST = NO;
				SUPPORTS_MAC_DESIGNED_FOR_IPHONE_IPAD = NO;
				SWIFT_EMIT_LOC_STRINGS = YES;
				SWIFT_VERSION = 5.0;
				TARGETED_DEVICE_FAMILY = 1;
			};
			name = Release;
		};
/* End XCBuildConfiguration section */

/* Begin XCConfigurationList section */
		52D9980E2AD6A89600679B15 /* Build configuration list for PBXProject "DearMyFriend" */ = {
			isa = XCConfigurationList;
			buildConfigurations = (
				52D998252AD6A89700679B15 /* Debug */,
				52D998262AD6A89700679B15 /* Release */,
			);
			defaultConfigurationIsVisible = 0;
			defaultConfigurationName = Release;
		};
		52D998272AD6A89700679B15 /* Build configuration list for PBXNativeTarget "DearMyFriend" */ = {
			isa = XCConfigurationList;
			buildConfigurations = (
				52D998282AD6A89700679B15 /* Debug */,
				52D998292AD6A89700679B15 /* Release */,
			);
			defaultConfigurationIsVisible = 0;
			defaultConfigurationName = Release;
		};
/* End XCConfigurationList section */

/* Begin XCRemoteSwiftPackageReference section */
		EBD2B73C2AE221F5007FD1DA /* XCRemoteSwiftPackageReference "firebase-ios-sdk" */ = {
			isa = XCRemoteSwiftPackageReference;
			repositoryURL = "https://github.com/firebase/firebase-ios-sdk.git";
			requirement = {
				kind = upToNextMajorVersion;
				minimumVersion = 10.0.0;
			};
		};
		EBD2B7452AE2220A007FD1DA /* XCRemoteSwiftPackageReference "NMapsMap" */ = {
			isa = XCRemoteSwiftPackageReference;
			repositoryURL = "https://github.com/jaemyeong/NMapsMap.git";
			requirement = {
				kind = upToNextMajorVersion;
				minimumVersion = 3.0.0;
			};
		};
		EBD2B7482AE2221B007FD1DA /* XCRemoteSwiftPackageReference "lottie-ios" */ = {
			isa = XCRemoteSwiftPackageReference;
			repositoryURL = "https://github.com/airbnb/lottie-ios";
			requirement = {
				kind = upToNextMajorVersion;
				minimumVersion = 4.0.0;
			};
		};
		EBD2B74B2AE22232007FD1DA /* XCRemoteSwiftPackageReference "Moya" */ = {
			isa = XCRemoteSwiftPackageReference;
			repositoryURL = "https://github.com/Moya/Moya.git";
			requirement = {
				kind = upToNextMajorVersion;
				minimumVersion = 15.0.0;
			};
		};
		EBD2B74E2AE22241007FD1DA /* XCRemoteSwiftPackageReference "SnapKit" */ = {
			isa = XCRemoteSwiftPackageReference;
			repositoryURL = "https://github.com/SnapKit/SnapKit";
			requirement = {
				kind = upToNextMajorVersion;
				minimumVersion = 5.0.0;
			};
		};
/* End XCRemoteSwiftPackageReference section */

/* Begin XCSwiftPackageProductDependency section */
		EBD2B73D2AE221F5007FD1DA /* FirebaseAnalytics */ = {
			isa = XCSwiftPackageProductDependency;
			package = EBD2B73C2AE221F5007FD1DA /* XCRemoteSwiftPackageReference "firebase-ios-sdk" */;
			productName = FirebaseAnalytics;
		};
		EBD2B73F2AE221F5007FD1DA /* FirebaseFirestore */ = {
			isa = XCSwiftPackageProductDependency;
			package = EBD2B73C2AE221F5007FD1DA /* XCRemoteSwiftPackageReference "firebase-ios-sdk" */;
			productName = FirebaseFirestore;
		};
		EBD2B7412AE221F5007FD1DA /* FirebaseFirestoreSwift */ = {
			isa = XCSwiftPackageProductDependency;
			package = EBD2B73C2AE221F5007FD1DA /* XCRemoteSwiftPackageReference "firebase-ios-sdk" */;
			productName = FirebaseFirestoreSwift;
		};
		EBD2B7432AE221F5007FD1DA /* FirebaseStorage */ = {
			isa = XCSwiftPackageProductDependency;
			package = EBD2B73C2AE221F5007FD1DA /* XCRemoteSwiftPackageReference "firebase-ios-sdk" */;
			productName = FirebaseStorage;
		};
		EBD2B7462AE2220A007FD1DA /* NMapsMap */ = {
			isa = XCSwiftPackageProductDependency;
			package = EBD2B7452AE2220A007FD1DA /* XCRemoteSwiftPackageReference "NMapsMap" */;
			productName = NMapsMap;
		};
		EBD2B7492AE2221B007FD1DA /* Lottie */ = {
			isa = XCSwiftPackageProductDependency;
			package = EBD2B7482AE2221B007FD1DA /* XCRemoteSwiftPackageReference "lottie-ios" */;
			productName = Lottie;
		};
		EBD2B74C2AE22232007FD1DA /* Moya */ = {
			isa = XCSwiftPackageProductDependency;
			package = EBD2B74B2AE22232007FD1DA /* XCRemoteSwiftPackageReference "Moya" */;
			productName = Moya;
		};
		EBD2B74F2AE22241007FD1DA /* SnapKit */ = {
			isa = XCSwiftPackageProductDependency;
			package = EBD2B74E2AE22241007FD1DA /* XCRemoteSwiftPackageReference "SnapKit" */;
			productName = SnapKit;
		};
/* End XCSwiftPackageProductDependency section */
	};
	rootObject = 52D9980B2AD6A89600679B15 /* Project object */;
}
