// !$*UTF8*$!
{
	archiveVersion = 1;
	classes = {
	};
	objectVersion = 56;
	objects = {

/* Begin PBXBuildFile section */
		1FBA09922AE6732700A3B42C /* YouTubeTableViewCell.swift in Sources */ = {isa = PBXBuildFile; fileRef = 1FBA09912AE6732700A3B42C /* YouTubeTableViewCell.swift */; };
		372923422AF3C191009993F8 /* CalculInfo.swift in Sources */ = {isa = PBXBuildFile; fileRef = 372923412AF3C191009993F8 /* CalculInfo.swift */; };
		4E275AB02AE27D27005146AA /* SearchAPIManager.swift in Sources */ = {isa = PBXBuildFile; fileRef = 4E275AAF2AE27D27005146AA /* SearchAPIManager.swift */; };
		4E275AB22AE27D3A005146AA /* NaverSearchService.swift in Sources */ = {isa = PBXBuildFile; fileRef = 4E275AB12AE27D39005146AA /* NaverSearchService.swift */; };
		4E2F96772B017EA300FED791 /* Toast in Frameworks */ = {isa = PBXBuildFile; productRef = 4E2F96762B017EA300FED791 /* Toast */; };
		4E44779F2AFF915000A7A458 /* ImageResiger.swift in Sources */ = {isa = PBXBuildFile; fileRef = 4E44779E2AFF915000A7A458 /* ImageResiger.swift */; };
		5225A1422AFC8643005CE724 /* loading.json in Resources */ = {isa = PBXBuildFile; fileRef = 5225A1412AFC8643005CE724 /* loading.json */; };
		5225A1452AFC866A005CE724 /* LoadingController.swift in Sources */ = {isa = PBXBuildFile; fileRef = 5225A1442AFC866A005CE724 /* LoadingController.swift */; };
		523A7B252AF8E51200EA4D5F /* ForgotPasswordView.swift in Sources */ = {isa = PBXBuildFile; fileRef = 523A7B242AF8E51200EA4D5F /* ForgotPasswordView.swift */; };
		523A7B272AF8E6F500EA4D5F /* ResetPasswordView.swift in Sources */ = {isa = PBXBuildFile; fileRef = 523A7B262AF8E6F500EA4D5F /* ResetPasswordView.swift */; };
		523A7B292AF8F01800EA4D5F /* AlertManager.swift in Sources */ = {isa = PBXBuildFile; fileRef = 523A7B282AF8F01800EA4D5F /* AlertManager.swift */; };
		523A7B2C2AF9E3E300EA4D5F /* StorageService.swift in Sources */ = {isa = PBXBuildFile; fileRef = 523A7B2B2AF9E3E300EA4D5F /* StorageService.swift */; };
		524A0C222AFEF5B000D08971 /* ReadPetData.swift in Sources */ = {isa = PBXBuildFile; fileRef = 524A0C212AFEF5B000D08971 /* ReadPetData.swift */; };
		5258C2632AE6334600E9FC2B /* ReuseCollectionView.swift in Sources */ = {isa = PBXBuildFile; fileRef = 5258C2622AE6334600E9FC2B /* ReuseCollectionView.swift */; };
		5258C26A2AE648AF00E9FC2B /* SpoqaHanSansNeo-Bold.ttf in Resources */ = {isa = PBXBuildFile; fileRef = 5258C2652AE648AE00E9FC2B /* SpoqaHanSansNeo-Bold.ttf */; };
		5258C26B2AE648AF00E9FC2B /* SpoqaHanSansNeo-Medium.ttf in Resources */ = {isa = PBXBuildFile; fileRef = 5258C2662AE648AE00E9FC2B /* SpoqaHanSansNeo-Medium.ttf */; };
		5258C26C2AE648AF00E9FC2B /* SpoqaHanSansNeo-Light.ttf in Resources */ = {isa = PBXBuildFile; fileRef = 5258C2672AE648AF00E9FC2B /* SpoqaHanSansNeo-Light.ttf */; };
		5258C26D2AE648AF00E9FC2B /* SpoqaHanSansNeo-Regular.ttf in Resources */ = {isa = PBXBuildFile; fileRef = 5258C2682AE648AF00E9FC2B /* SpoqaHanSansNeo-Regular.ttf */; };
		5258C26E2AE648AF00E9FC2B /* SpoqaHanSansNeo-Thin.ttf in Resources */ = {isa = PBXBuildFile; fileRef = 5258C2692AE648AF00E9FC2B /* SpoqaHanSansNeo-Thin.ttf */; };
		5258C2712AE65C0F00E9FC2B /* RecommendationStore.swift in Sources */ = {isa = PBXBuildFile; fileRef = 5258C2702AE65C0F00E9FC2B /* RecommendationStore.swift */; };
		5258C2732AE6651000E9FC2B /* AppStoreNetworking.swift in Sources */ = {isa = PBXBuildFile; fileRef = 5258C2722AE6651000E9FC2B /* AppStoreNetworking.swift */; };
		525C365F2AF8BFCA001F76AB /* FirebaseAnalytics in Frameworks */ = {isa = PBXBuildFile; productRef = 525C365E2AF8BFCA001F76AB /* FirebaseAnalytics */; };
		525C36612AF8BFCA001F76AB /* FirebaseAnalyticsOnDeviceConversion in Frameworks */ = {isa = PBXBuildFile; productRef = 525C36602AF8BFCA001F76AB /* FirebaseAnalyticsOnDeviceConversion */; };
		525C36632AF8BFCA001F76AB /* FirebaseAnalyticsSwift in Frameworks */ = {isa = PBXBuildFile; productRef = 525C36622AF8BFCA001F76AB /* FirebaseAnalyticsSwift */; };
		525C36652AF8BFCA001F76AB /* FirebaseAnalyticsWithoutAdIdSupport in Frameworks */ = {isa = PBXBuildFile; productRef = 525C36642AF8BFCA001F76AB /* FirebaseAnalyticsWithoutAdIdSupport */; };
		525C36672AF8BFCA001F76AB /* FirebaseAppCheck in Frameworks */ = {isa = PBXBuildFile; productRef = 525C36662AF8BFCA001F76AB /* FirebaseAppCheck */; };
		525C36692AF8BFCA001F76AB /* FirebaseAppDistribution-Beta in Frameworks */ = {isa = PBXBuildFile; productRef = 525C36682AF8BFCA001F76AB /* FirebaseAppDistribution-Beta */; };
		525C366B2AF8BFCA001F76AB /* FirebaseAuth in Frameworks */ = {isa = PBXBuildFile; productRef = 525C366A2AF8BFCA001F76AB /* FirebaseAuth */; };
		525C366D2AF8BFCA001F76AB /* FirebaseAuthCombine-Community in Frameworks */ = {isa = PBXBuildFile; productRef = 525C366C2AF8BFCA001F76AB /* FirebaseAuthCombine-Community */; };
		525C366F2AF8BFCA001F76AB /* FirebaseCrashlytics in Frameworks */ = {isa = PBXBuildFile; productRef = 525C366E2AF8BFCA001F76AB /* FirebaseCrashlytics */; };
		525C36712AF8BFCA001F76AB /* FirebaseDatabase in Frameworks */ = {isa = PBXBuildFile; productRef = 525C36702AF8BFCA001F76AB /* FirebaseDatabase */; };
		525C36732AF8BFCA001F76AB /* FirebaseDatabaseSwift in Frameworks */ = {isa = PBXBuildFile; productRef = 525C36722AF8BFCA001F76AB /* FirebaseDatabaseSwift */; };
		525C36752AF8BFCA001F76AB /* FirebaseDynamicLinks in Frameworks */ = {isa = PBXBuildFile; productRef = 525C36742AF8BFCA001F76AB /* FirebaseDynamicLinks */; };
		525C36772AF8BFCA001F76AB /* FirebaseFirestore in Frameworks */ = {isa = PBXBuildFile; productRef = 525C36762AF8BFCA001F76AB /* FirebaseFirestore */; };
		525C36792AF8BFCA001F76AB /* FirebaseFirestoreCombine-Community in Frameworks */ = {isa = PBXBuildFile; productRef = 525C36782AF8BFCA001F76AB /* FirebaseFirestoreCombine-Community */; };
		525C367B2AF8BFCA001F76AB /* FirebaseFirestoreSwift in Frameworks */ = {isa = PBXBuildFile; productRef = 525C367A2AF8BFCA001F76AB /* FirebaseFirestoreSwift */; };
		525C367D2AF8BFCA001F76AB /* FirebaseFunctions in Frameworks */ = {isa = PBXBuildFile; productRef = 525C367C2AF8BFCA001F76AB /* FirebaseFunctions */; };
		525C367F2AF8BFCA001F76AB /* FirebaseFunctionsCombine-Community in Frameworks */ = {isa = PBXBuildFile; productRef = 525C367E2AF8BFCA001F76AB /* FirebaseFunctionsCombine-Community */; };
		525C36812AF8BFCA001F76AB /* FirebaseInAppMessaging-Beta in Frameworks */ = {isa = PBXBuildFile; productRef = 525C36802AF8BFCA001F76AB /* FirebaseInAppMessaging-Beta */; };
		525C36832AF8BFCA001F76AB /* FirebaseInAppMessagingSwift-Beta in Frameworks */ = {isa = PBXBuildFile; productRef = 525C36822AF8BFCA001F76AB /* FirebaseInAppMessagingSwift-Beta */; };
		525C36852AF8BFCA001F76AB /* FirebaseInstallations in Frameworks */ = {isa = PBXBuildFile; productRef = 525C36842AF8BFCA001F76AB /* FirebaseInstallations */; };
		525C36872AF8BFCA001F76AB /* FirebaseMLModelDownloader in Frameworks */ = {isa = PBXBuildFile; productRef = 525C36862AF8BFCA001F76AB /* FirebaseMLModelDownloader */; };
		525C36892AF8BFCA001F76AB /* FirebaseMessaging in Frameworks */ = {isa = PBXBuildFile; productRef = 525C36882AF8BFCA001F76AB /* FirebaseMessaging */; };
		525C368B2AF8BFCA001F76AB /* FirebasePerformance in Frameworks */ = {isa = PBXBuildFile; productRef = 525C368A2AF8BFCA001F76AB /* FirebasePerformance */; };
		525C368D2AF8BFCA001F76AB /* FirebaseRemoteConfig in Frameworks */ = {isa = PBXBuildFile; productRef = 525C368C2AF8BFCA001F76AB /* FirebaseRemoteConfig */; };
		525C368F2AF8BFCA001F76AB /* FirebaseRemoteConfigSwift in Frameworks */ = {isa = PBXBuildFile; productRef = 525C368E2AF8BFCA001F76AB /* FirebaseRemoteConfigSwift */; };
		525C36912AF8BFCA001F76AB /* FirebaseStorage in Frameworks */ = {isa = PBXBuildFile; productRef = 525C36902AF8BFCA001F76AB /* FirebaseStorage */; };
		525C36932AF8BFCA001F76AB /* FirebaseStorageCombine-Community in Frameworks */ = {isa = PBXBuildFile; productRef = 525C36922AF8BFCA001F76AB /* FirebaseStorageCombine-Community */; };
		525C36952AF8C072001F76AB /* FirebaseAnalytics in Frameworks */ = {isa = PBXBuildFile; productRef = 525C36942AF8C072001F76AB /* FirebaseAnalytics */; };
		525C36972AF8C072001F76AB /* FirebaseAnalyticsOnDeviceConversion in Frameworks */ = {isa = PBXBuildFile; productRef = 525C36962AF8C072001F76AB /* FirebaseAnalyticsOnDeviceConversion */; };
		525C36992AF8C072001F76AB /* FirebaseAnalyticsSwift in Frameworks */ = {isa = PBXBuildFile; productRef = 525C36982AF8C072001F76AB /* FirebaseAnalyticsSwift */; };
		525C369B2AF8C072001F76AB /* FirebaseAnalyticsWithoutAdIdSupport in Frameworks */ = {isa = PBXBuildFile; productRef = 525C369A2AF8C072001F76AB /* FirebaseAnalyticsWithoutAdIdSupport */; };
		525C369D2AF8C072001F76AB /* FirebaseAppCheck in Frameworks */ = {isa = PBXBuildFile; productRef = 525C369C2AF8C072001F76AB /* FirebaseAppCheck */; };
		525C369F2AF8C072001F76AB /* FirebaseAppDistribution-Beta in Frameworks */ = {isa = PBXBuildFile; productRef = 525C369E2AF8C072001F76AB /* FirebaseAppDistribution-Beta */; };
		525C36A12AF8C072001F76AB /* FirebaseAuth in Frameworks */ = {isa = PBXBuildFile; productRef = 525C36A02AF8C072001F76AB /* FirebaseAuth */; };
		525C36A32AF8C072001F76AB /* FirebaseAuthCombine-Community in Frameworks */ = {isa = PBXBuildFile; productRef = 525C36A22AF8C072001F76AB /* FirebaseAuthCombine-Community */; };
		525C36A52AF8C072001F76AB /* FirebaseCrashlytics in Frameworks */ = {isa = PBXBuildFile; productRef = 525C36A42AF8C072001F76AB /* FirebaseCrashlytics */; };
		525C36A72AF8C072001F76AB /* FirebaseDatabase in Frameworks */ = {isa = PBXBuildFile; productRef = 525C36A62AF8C072001F76AB /* FirebaseDatabase */; };
		525C36A92AF8C072001F76AB /* FirebaseDatabaseSwift in Frameworks */ = {isa = PBXBuildFile; productRef = 525C36A82AF8C072001F76AB /* FirebaseDatabaseSwift */; };
		525C36AB2AF8C072001F76AB /* FirebaseDynamicLinks in Frameworks */ = {isa = PBXBuildFile; productRef = 525C36AA2AF8C072001F76AB /* FirebaseDynamicLinks */; };
		525C36AD2AF8C072001F76AB /* FirebaseFirestore in Frameworks */ = {isa = PBXBuildFile; productRef = 525C36AC2AF8C072001F76AB /* FirebaseFirestore */; };
		525C36AF2AF8C072001F76AB /* FirebaseFirestoreCombine-Community in Frameworks */ = {isa = PBXBuildFile; productRef = 525C36AE2AF8C072001F76AB /* FirebaseFirestoreCombine-Community */; };
		525C36B12AF8C072001F76AB /* FirebaseFirestoreSwift in Frameworks */ = {isa = PBXBuildFile; productRef = 525C36B02AF8C072001F76AB /* FirebaseFirestoreSwift */; };
		525C36B32AF8C072001F76AB /* FirebaseFunctions in Frameworks */ = {isa = PBXBuildFile; productRef = 525C36B22AF8C072001F76AB /* FirebaseFunctions */; };
		525C36B52AF8C072001F76AB /* FirebaseFunctionsCombine-Community in Frameworks */ = {isa = PBXBuildFile; productRef = 525C36B42AF8C072001F76AB /* FirebaseFunctionsCombine-Community */; };
		525C36B72AF8C072001F76AB /* FirebaseInAppMessaging-Beta in Frameworks */ = {isa = PBXBuildFile; productRef = 525C36B62AF8C072001F76AB /* FirebaseInAppMessaging-Beta */; };
		525C36B92AF8C072001F76AB /* FirebaseInAppMessagingSwift-Beta in Frameworks */ = {isa = PBXBuildFile; productRef = 525C36B82AF8C072001F76AB /* FirebaseInAppMessagingSwift-Beta */; };
		525C36BB2AF8C072001F76AB /* FirebaseInstallations in Frameworks */ = {isa = PBXBuildFile; productRef = 525C36BA2AF8C072001F76AB /* FirebaseInstallations */; };
		525C36BD2AF8C072001F76AB /* FirebaseMLModelDownloader in Frameworks */ = {isa = PBXBuildFile; productRef = 525C36BC2AF8C072001F76AB /* FirebaseMLModelDownloader */; };
		525C36BF2AF8C072001F76AB /* FirebaseMessaging in Frameworks */ = {isa = PBXBuildFile; productRef = 525C36BE2AF8C072001F76AB /* FirebaseMessaging */; };
		525C36C12AF8C072001F76AB /* FirebasePerformance in Frameworks */ = {isa = PBXBuildFile; productRef = 525C36C02AF8C072001F76AB /* FirebasePerformance */; };
		525C36C32AF8C072001F76AB /* FirebaseRemoteConfig in Frameworks */ = {isa = PBXBuildFile; productRef = 525C36C22AF8C072001F76AB /* FirebaseRemoteConfig */; };
		525C36C52AF8C072001F76AB /* FirebaseRemoteConfigSwift in Frameworks */ = {isa = PBXBuildFile; productRef = 525C36C42AF8C072001F76AB /* FirebaseRemoteConfigSwift */; };
		525C36C72AF8C072001F76AB /* FirebaseStorage in Frameworks */ = {isa = PBXBuildFile; productRef = 525C36C62AF8C072001F76AB /* FirebaseStorage */; };
		525C36C92AF8C072001F76AB /* FirebaseStorageCombine-Community in Frameworks */ = {isa = PBXBuildFile; productRef = 525C36C82AF8C072001F76AB /* FirebaseStorageCombine-Community */; };
		526EB6722AE263200073C77D /* RankeImageCellView.swift in Sources */ = {isa = PBXBuildFile; fileRef = 526EB6712AE263200073C77D /* RankeImageCellView.swift */; };
		52713E802AFD1E3000D2F377 /* ImageAPIService.swift in Sources */ = {isa = PBXBuildFile; fileRef = 52713E7F2AFD1E3000D2F377 /* ImageAPIService.swift */; };
		528DDA912AF8264800E08DEC /* CheckPasswordView.swift in Sources */ = {isa = PBXBuildFile; fileRef = 528DDA902AF8264800E08DEC /* CheckPasswordView.swift */; };
		528DDA932AF8301E00E08DEC /* RegisterPasswordController.swift in Sources */ = {isa = PBXBuildFile; fileRef = 528DDA922AF8301E00E08DEC /* RegisterPasswordController.swift */; };
		528DDA952AF8303100E08DEC /* RegisterProfileController.swift in Sources */ = {isa = PBXBuildFile; fileRef = 528DDA942AF8303100E08DEC /* RegisterProfileController.swift */; };
		528DDA972AF8304700E08DEC /* AgreementController.swift in Sources */ = {isa = PBXBuildFile; fileRef = 528DDA962AF8304700E08DEC /* AgreementController.swift */; };
		528DDA992AF8307600E08DEC /* RegisterEmailView.swift in Sources */ = {isa = PBXBuildFile; fileRef = 528DDA982AF8307600E08DEC /* RegisterEmailView.swift */; };
		528DDA9B2AF832C900E08DEC /* RegiSterProfileView.swift in Sources */ = {isa = PBXBuildFile; fileRef = 528DDA9A2AF832C900E08DEC /* RegiSterProfileView.swift */; };
		528DDA9E2AF84AE400E08DEC /* AgreementlView.swift in Sources */ = {isa = PBXBuildFile; fileRef = 528DDA9D2AF84AE400E08DEC /* AgreementlView.swift */; };
		528DDAA12AF85D9300E08DEC /* Validator.swift in Sources */ = {isa = PBXBuildFile; fileRef = 528DDAA02AF85D9300E08DEC /* Validator.swift */; };
		528DDAA32AF88A5E00E08DEC /* User.swift in Sources */ = {isa = PBXBuildFile; fileRef = 528DDAA22AF88A5E00E08DEC /* User.swift */; };
		528DDAA52AF88A7300E08DEC /* Login.swift in Sources */ = {isa = PBXBuildFile; fileRef = 528DDAA42AF88A7300E08DEC /* Login.swift */; };
		528DDAA72AF88A8C00E08DEC /* Register.swift in Sources */ = {isa = PBXBuildFile; fileRef = 528DDAA62AF88A8C00E08DEC /* Register.swift */; };
		528DDAAA2AF88B2500E08DEC /* AuthService.swift in Sources */ = {isa = PBXBuildFile; fileRef = 528DDAA92AF88B2500E08DEC /* AuthService.swift */; };
		529D7E1D2AFE60E7003A9648 /* PetInfo.swift in Sources */ = {isa = PBXBuildFile; fileRef = 529D7E1C2AFE60E7003A9648 /* PetInfo.swift */; };
		52BDFA4E2AF7C17400DFE970 /* LoginController.swift in Sources */ = {isa = PBXBuildFile; fileRef = 52BDFA4D2AF7C17400DFE970 /* LoginController.swift */; };
		52BDFA512AF7C19F00DFE970 /* LoginView.swift in Sources */ = {isa = PBXBuildFile; fileRef = 52BDFA502AF7C19F00DFE970 /* LoginView.swift */; };
		52BDFA542AF7C2F400DFE970 /* SignTextField.swift in Sources */ = {isa = PBXBuildFile; fileRef = 52BDFA532AF7C2F400DFE970 /* SignTextField.swift */; };
		52BDFA562AF7C30C00DFE970 /* SignButton.swift in Sources */ = {isa = PBXBuildFile; fileRef = 52BDFA552AF7C30C00DFE970 /* SignButton.swift */; };
		52BDFA5D2AF7CF3500DFE970 /* loginAnimation.json in Resources */ = {isa = PBXBuildFile; fileRef = 52BDFA5C2AF7CF3500DFE970 /* loginAnimation.json */; };
		52BDFA5F2AF7F9EC00DFE970 /* RegisterEmailController.swift in Sources */ = {isa = PBXBuildFile; fileRef = 52BDFA5E2AF7F9EC00DFE970 /* RegisterEmailController.swift */; };
		52BDFA612AF7FA7600DFE970 /* FotgotPasswordController.swift in Sources */ = {isa = PBXBuildFile; fileRef = 52BDFA602AF7FA7600DFE970 /* FotgotPasswordController.swift */; };
		52BDFA632AF7FA8800DFE970 /* ResetPasswordController.swift in Sources */ = {isa = PBXBuildFile; fileRef = 52BDFA622AF7FA8800DFE970 /* ResetPasswordController.swift */; };
		52BDFA652AF7FB6000DFE970 /* RegisterPasswordView.swift in Sources */ = {isa = PBXBuildFile; fileRef = 52BDFA642AF7FB6000DFE970 /* RegisterPasswordView.swift */; };
		52C18DC72AFCB45E0087BA37 /* RecommendationPlaceService.swift in Sources */ = {isa = PBXBuildFile; fileRef = 52C18DC62AFCB45E0087BA37 /* RecommendationPlaceService.swift */; };
		52C18DC92AFCB4A40087BA37 /* RecommendationPlace.swift in Sources */ = {isa = PBXBuildFile; fileRef = 52C18DC82AFCB4A40087BA37 /* RecommendationPlace.swift */; };
		52D998172AD6A89600679B15 /* AppDelegate.swift in Sources */ = {isa = PBXBuildFile; fileRef = 52D998162AD6A89600679B15 /* AppDelegate.swift */; };
		52D998192AD6A89600679B15 /* SceneDelegate.swift in Sources */ = {isa = PBXBuildFile; fileRef = 52D998182AD6A89600679B15 /* SceneDelegate.swift */; };
		52D998202AD6A89700679B15 /* Assets.xcassets in Resources */ = {isa = PBXBuildFile; fileRef = 52D9981F2AD6A89700679B15 /* Assets.xcassets */; };
		52D998232AD6A89700679B15 /* LaunchScreen.storyboard in Resources */ = {isa = PBXBuildFile; fileRef = 52D998212AD6A89700679B15 /* LaunchScreen.storyboard */; };
		52D9982B2AD6AADC00679B15 /* FeedViewController.swift in Sources */ = {isa = PBXBuildFile; fileRef = 52D9982A2AD6AADC00679B15 /* FeedViewController.swift */; };
		52D9982D2AD6AAF000679B15 /* MyViewController.swift in Sources */ = {isa = PBXBuildFile; fileRef = 52D9982C2AD6AAF000679B15 /* MyViewController.swift */; };
		52D9982F2AD6AAF800679B15 /* UserInfoViewController.swift in Sources */ = {isa = PBXBuildFile; fileRef = 52D9982E2AD6AAF800679B15 /* UserInfoViewController.swift */; };
		52D998312AD6AB0100679B15 /* LoginViewController.swift in Sources */ = {isa = PBXBuildFile; fileRef = 52D998302AD6AB0100679B15 /* LoginViewController.swift */; };
		52D998332AD6AB0E00679B15 /* YouTubeViewController.swift in Sources */ = {isa = PBXBuildFile; fileRef = 52D998322AD6AB0E00679B15 /* YouTubeViewController.swift */; };
		52D998352AD6AB1800679B15 /* CalculatorViewController.swift in Sources */ = {isa = PBXBuildFile; fileRef = 52D998342AD6AB1800679B15 /* CalculatorViewController.swift */; };
		52D998372AD6AB2900679B15 /* MainViewController.swift in Sources */ = {isa = PBXBuildFile; fileRef = 52D998362AD6AB2900679B15 /* MainViewController.swift */; };
		52D998392AD6AB6600679B15 /* PopularityViewController.swift in Sources */ = {isa = PBXBuildFile; fileRef = 52D998382AD6AB6600679B15 /* PopularityViewController.swift */; };
		52D9983B2AD6AB9B00679B15 /* MapViewController.swift in Sources */ = {isa = PBXBuildFile; fileRef = 52D9983A2AD6AB9B00679B15 /* MapViewController.swift */; };
		52D9983D2AD6ABA700679B15 /* WishViewController.swift in Sources */ = {isa = PBXBuildFile; fileRef = 52D9983C2AD6ABA700679B15 /* WishViewController.swift */; };
		52D9983F2AD6ABB500679B15 /* StoreViewController.swift in Sources */ = {isa = PBXBuildFile; fileRef = 52D9983E2AD6ABB500679B15 /* StoreViewController.swift */; };
		52D9984A2AD6B0B900679B15 /* Extension.swift in Sources */ = {isa = PBXBuildFile; fileRef = 52D998492AD6B0B900679B15 /* Extension.swift */; };
		52D9984C2AD6B32F00679B15 /* Helper.swift in Sources */ = {isa = PBXBuildFile; fileRef = 52D9984B2AD6B32F00679B15 /* Helper.swift */; };
		52D9984E2AD6B88600679B15 /* MainView.swift in Sources */ = {isa = PBXBuildFile; fileRef = 52D9984D2AD6B88600679B15 /* MainView.swift */; };
		52D998502AD6BAC000679B15 /* MenuCellView.swift in Sources */ = {isa = PBXBuildFile; fileRef = 52D9984F2AD6BAC000679B15 /* MenuCellView.swift */; };
		52D998562AD6CDF900679B15 /* TabBarController.swift in Sources */ = {isa = PBXBuildFile; fileRef = 52D998552AD6CDF900679B15 /* TabBarController.swift */; };
		52EFE7A92AE7AE3E00770F03 /* IndicatorCircle.swift in Sources */ = {isa = PBXBuildFile; fileRef = 52EFE7A82AE7AE3E00770F03 /* IndicatorCircle.swift */; };
		52EFE7AB2AE7AFC800770F03 /* PopularityCellView.swift in Sources */ = {isa = PBXBuildFile; fileRef = 52EFE7AA2AE7AFC800770F03 /* PopularityCellView.swift */; };
		52F9BC072AFA3297008C4438 /* WebViewController.swift in Sources */ = {isa = PBXBuildFile; fileRef = 52F9BC062AFA3297008C4438 /* WebViewController.swift */; };
		7D95703F2AEA452E00F657FF /* joinFirebase.swift in Sources */ = {isa = PBXBuildFile; fileRef = 7D95703E2AEA452E00F657FF /* joinFirebase.swift */; };
		7DFCD0142AF8E166000644DC /* SettingViewController.swift in Sources */ = {isa = PBXBuildFile; fileRef = 7DFCD0132AF8E166000644DC /* SettingViewController.swift */; };
		7DFCD0162AFAB809000644DC /* PetInfoViewController.swift in Sources */ = {isa = PBXBuildFile; fileRef = 7DFCD0152AFAB809000644DC /* PetInfoViewController.swift */; };
		EB16BA3F2AF8CEE60036CFE8 /* MyProfileFirebase.swift in Sources */ = {isa = PBXBuildFile; fileRef = EB16BA3E2AF8CEE60036CFE8 /* MyProfileFirebase.swift */; };
		EB16BA422AF9F0F10036CFE8 /* Kingfisher in Frameworks */ = {isa = PBXBuildFile; productRef = EB16BA412AF9F0F10036CFE8 /* Kingfisher */; };
		EB16BA442AFA0FE30036CFE8 /* MyFeedViewController.swift in Sources */ = {isa = PBXBuildFile; fileRef = EB16BA432AFA0FE30036CFE8 /* MyFeedViewController.swift */; };
		EB16BA462AFA2D180036CFE8 /* MyFeedView.swift in Sources */ = {isa = PBXBuildFile; fileRef = EB16BA452AFA2D180036CFE8 /* MyFeedView.swift */; };
		EB17F3E22AF48DA600971859 /* MyProfileTitleView.swift in Sources */ = {isa = PBXBuildFile; fileRef = EB17F3E12AF48DA600971859 /* MyProfileTitleView.swift */; };
		EB17F3E42AF492BF00971859 /* MyProfileInfoView.swift in Sources */ = {isa = PBXBuildFile; fileRef = EB17F3E32AF492BF00971859 /* MyProfileInfoView.swift */; };
		EB17F3E62AF4D39400971859 /* MyPetInfoView.swift in Sources */ = {isa = PBXBuildFile; fileRef = EB17F3E52AF4D39400971859 /* MyPetInfoView.swift */; };
		EB17F3E82AF4D3A700971859 /* MyPostView.swift in Sources */ = {isa = PBXBuildFile; fileRef = EB17F3E72AF4D3A700971859 /* MyPostView.swift */; };
		EB5EDEE22AEA4030002075F9 /* UserModel.swift in Sources */ = {isa = PBXBuildFile; fileRef = EB5EDEE12AEA4030002075F9 /* UserModel.swift */; };
		EB5EDEE42AEF3C9C002075F9 /* CommentView.swift in Sources */ = {isa = PBXBuildFile; fileRef = EB5EDEE32AEF3C9C002075F9 /* CommentView.swift */; };
		EB5EDEE62AEF484D002075F9 /* CommentTableViewCell.swift in Sources */ = {isa = PBXBuildFile; fileRef = EB5EDEE52AEF484D002075F9 /* CommentTableViewCell.swift */; };
		EB5EDEE82AEF4EA7002075F9 /* CommentViewController.swift in Sources */ = {isa = PBXBuildFile; fileRef = EB5EDEE72AEF4EA7002075F9 /* CommentViewController.swift */; };
		EB5EDEEA2AEF4FBF002075F9 /* CommentTitleView.swift in Sources */ = {isa = PBXBuildFile; fileRef = EB5EDEE92AEF4FBF002075F9 /* CommentTitleView.swift */; };
		EB5EDEED2AF10277002075F9 /* CommentInputView.swift in Sources */ = {isa = PBXBuildFile; fileRef = EB5EDEEC2AF10277002075F9 /* CommentInputView.swift */; };
		EBD2B73B2AE21C61007FD1DA /* FeedModel.swift in Sources */ = {isa = PBXBuildFile; fileRef = EBD2B73A2AE21C61007FD1DA /* FeedModel.swift */; };
		EBD2B73E2AE221F5007FD1DA /* FirebaseAnalytics in Frameworks */ = {isa = PBXBuildFile; productRef = EBD2B73D2AE221F5007FD1DA /* FirebaseAnalytics */; };
		EBD2B7402AE221F5007FD1DA /* FirebaseFirestore in Frameworks */ = {isa = PBXBuildFile; productRef = EBD2B73F2AE221F5007FD1DA /* FirebaseFirestore */; };
		EBD2B7422AE221F5007FD1DA /* FirebaseFirestoreSwift in Frameworks */ = {isa = PBXBuildFile; productRef = EBD2B7412AE221F5007FD1DA /* FirebaseFirestoreSwift */; };
		EBD2B7442AE221F5007FD1DA /* FirebaseStorage in Frameworks */ = {isa = PBXBuildFile; productRef = EBD2B7432AE221F5007FD1DA /* FirebaseStorage */; };
		EBD2B74A2AE2221B007FD1DA /* Lottie in Frameworks */ = {isa = PBXBuildFile; productRef = EBD2B7492AE2221B007FD1DA /* Lottie */; };
		EBD2B74D2AE22232007FD1DA /* Moya in Frameworks */ = {isa = PBXBuildFile; productRef = EBD2B74C2AE22232007FD1DA /* Moya */; };
		EBD2B7502AE22241007FD1DA /* SnapKit in Frameworks */ = {isa = PBXBuildFile; productRef = EBD2B74F2AE22241007FD1DA /* SnapKit */; };
		EBD2B7522AE2235C007FD1DA /* FeedFirebaseError.swift in Sources */ = {isa = PBXBuildFile; fileRef = EBD2B7512AE2235C007FD1DA /* FeedFirebaseError.swift */; };
		EBD2B7542AE23FC3007FD1DA /* GoogleService-Info.plist in Resources */ = {isa = PBXBuildFile; fileRef = EBD2B7532AE23FC3007FD1DA /* GoogleService-Info.plist */; };
		EBD2B7582AE23FEE007FD1DA /* FeedTableViewCell.swift in Sources */ = {isa = PBXBuildFile; fileRef = EBD2B7572AE23FEE007FD1DA /* FeedTableViewCell.swift */; };
		EBD2B75A2AE2402F007FD1DA /* ImageCollectionViewCell.swift in Sources */ = {isa = PBXBuildFile; fileRef = EBD2B7592AE2402F007FD1DA /* ImageCollectionViewCell.swift */; };
		EBD2B75E2AE240D1007FD1DA /* FeedTitleView.swift in Sources */ = {isa = PBXBuildFile; fileRef = EBD2B75D2AE240D1007FD1DA /* FeedTitleView.swift */; };
		EBD2B7602AE240FA007FD1DA /* FeedView.swift in Sources */ = {isa = PBXBuildFile; fileRef = EBD2B75F2AE240FA007FD1DA /* FeedView.swift */; };
		EBD2B7622AE2410F007FD1DA /* AddPostView.swift in Sources */ = {isa = PBXBuildFile; fileRef = EBD2B7612AE2410F007FD1DA /* AddPostView.swift */; };
		EBD2B7642AE241E7007FD1DA /* AddPostViewController.swift in Sources */ = {isa = PBXBuildFile; fileRef = EBD2B7632AE241E7007FD1DA /* AddPostViewController.swift */; };
		EBD2B7662AE24210007FD1DA /* FeedFirebase.swift in Sources */ = {isa = PBXBuildFile; fileRef = EBD2B7652AE24210007FD1DA /* FeedFirebase.swift */; };
		EBD411AC2AF6675F00A942D6 /* PetModel.swift in Sources */ = {isa = PBXBuildFile; fileRef = EBD411AB2AF6675F00A942D6 /* PetModel.swift */; };
		EBD411AF2AF667F000A942D6 /* MyPetTableViewCell.swift in Sources */ = {isa = PBXBuildFile; fileRef = EBD411AE2AF667F000A942D6 /* MyPetTableViewCell.swift */; };
		EBD411B12AF66B2200A942D6 /* MyPostCollectionViewCell.swift in Sources */ = {isa = PBXBuildFile; fileRef = EBD411B02AF66B2200A942D6 /* MyPostCollectionViewCell.swift */; };
		EF93D8E598A9724059E59C52 /* libPods-DearMyFriend.a in Frameworks */ = {isa = PBXBuildFile; fileRef = 2F70DC412C4BA07AE6693545 /* libPods-DearMyFriend.a */; };
/* End PBXBuildFile section */

/* Begin PBXFileReference section */
		1FBA09912AE6732700A3B42C /* YouTubeTableViewCell.swift */ = {isa = PBXFileReference; lastKnownFileType = sourcecode.swift; path = YouTubeTableViewCell.swift; sourceTree = "<group>"; };
		211A4D9FC879324F15DA3B42 /* Pods-DearMyFriend.debug.xcconfig */ = {isa = PBXFileReference; includeInIndex = 1; lastKnownFileType = text.xcconfig; name = "Pods-DearMyFriend.debug.xcconfig"; path = "Target Support Files/Pods-DearMyFriend/Pods-DearMyFriend.debug.xcconfig"; sourceTree = "<group>"; };
		2F70DC412C4BA07AE6693545 /* libPods-DearMyFriend.a */ = {isa = PBXFileReference; explicitFileType = archive.ar; includeInIndex = 0; path = "libPods-DearMyFriend.a"; sourceTree = BUILT_PRODUCTS_DIR; };
		372923412AF3C191009993F8 /* CalculInfo.swift */ = {isa = PBXFileReference; lastKnownFileType = sourcecode.swift; path = CalculInfo.swift; sourceTree = "<group>"; };
		4E275AAF2AE27D27005146AA /* SearchAPIManager.swift */ = {isa = PBXFileReference; lastKnownFileType = sourcecode.swift; path = SearchAPIManager.swift; sourceTree = "<group>"; };
		4E275AB12AE27D39005146AA /* NaverSearchService.swift */ = {isa = PBXFileReference; lastKnownFileType = sourcecode.swift; path = NaverSearchService.swift; sourceTree = "<group>"; };
		4E44779E2AFF915000A7A458 /* ImageResiger.swift */ = {isa = PBXFileReference; lastKnownFileType = sourcecode.swift; path = ImageResiger.swift; sourceTree = SOURCE_ROOT; };
		5225A1412AFC8643005CE724 /* loading.json */ = {isa = PBXFileReference; fileEncoding = 4; lastKnownFileType = text.json; path = loading.json; sourceTree = "<group>"; };
		5225A1442AFC866A005CE724 /* LoadingController.swift */ = {isa = PBXFileReference; lastKnownFileType = sourcecode.swift; path = LoadingController.swift; sourceTree = "<group>"; };
		523A7B232AF8E2DD00EA4D5F /* DearMyFriend.entitlements */ = {isa = PBXFileReference; lastKnownFileType = text.plist.entitlements; path = DearMyFriend.entitlements; sourceTree = "<group>"; };
		523A7B242AF8E51200EA4D5F /* ForgotPasswordView.swift */ = {isa = PBXFileReference; lastKnownFileType = sourcecode.swift; path = ForgotPasswordView.swift; sourceTree = "<group>"; };
		523A7B262AF8E6F500EA4D5F /* ResetPasswordView.swift */ = {isa = PBXFileReference; lastKnownFileType = sourcecode.swift; path = ResetPasswordView.swift; sourceTree = "<group>"; };
		523A7B282AF8F01800EA4D5F /* AlertManager.swift */ = {isa = PBXFileReference; lastKnownFileType = sourcecode.swift; path = AlertManager.swift; sourceTree = "<group>"; };
		523A7B2B2AF9E3E300EA4D5F /* StorageService.swift */ = {isa = PBXFileReference; lastKnownFileType = sourcecode.swift; path = StorageService.swift; sourceTree = "<group>"; };
		524A0C212AFEF5B000D08971 /* ReadPetData.swift */ = {isa = PBXFileReference; lastKnownFileType = sourcecode.swift; path = ReadPetData.swift; sourceTree = "<group>"; };
		5258C2622AE6334600E9FC2B /* ReuseCollectionView.swift */ = {isa = PBXFileReference; lastKnownFileType = sourcecode.swift; path = ReuseCollectionView.swift; sourceTree = "<group>"; };
		5258C2652AE648AE00E9FC2B /* SpoqaHanSansNeo-Bold.ttf */ = {isa = PBXFileReference; lastKnownFileType = file; path = "SpoqaHanSansNeo-Bold.ttf"; sourceTree = "<group>"; };
		5258C2662AE648AE00E9FC2B /* SpoqaHanSansNeo-Medium.ttf */ = {isa = PBXFileReference; lastKnownFileType = file; path = "SpoqaHanSansNeo-Medium.ttf"; sourceTree = "<group>"; };
		5258C2672AE648AF00E9FC2B /* SpoqaHanSansNeo-Light.ttf */ = {isa = PBXFileReference; lastKnownFileType = file; path = "SpoqaHanSansNeo-Light.ttf"; sourceTree = "<group>"; };
		5258C2682AE648AF00E9FC2B /* SpoqaHanSansNeo-Regular.ttf */ = {isa = PBXFileReference; lastKnownFileType = file; path = "SpoqaHanSansNeo-Regular.ttf"; sourceTree = "<group>"; };
		5258C2692AE648AF00E9FC2B /* SpoqaHanSansNeo-Thin.ttf */ = {isa = PBXFileReference; lastKnownFileType = file; path = "SpoqaHanSansNeo-Thin.ttf"; sourceTree = "<group>"; };
		5258C2702AE65C0F00E9FC2B /* RecommendationStore.swift */ = {isa = PBXFileReference; lastKnownFileType = sourcecode.swift; path = RecommendationStore.swift; sourceTree = "<group>"; };
		5258C2722AE6651000E9FC2B /* AppStoreNetworking.swift */ = {isa = PBXFileReference; lastKnownFileType = sourcecode.swift; path = AppStoreNetworking.swift; sourceTree = "<group>"; };
		526EB6712AE263200073C77D /* RankeImageCellView.swift */ = {isa = PBXFileReference; lastKnownFileType = sourcecode.swift; path = RankeImageCellView.swift; sourceTree = "<group>"; };
		52713E7F2AFD1E3000D2F377 /* ImageAPIService.swift */ = {isa = PBXFileReference; lastKnownFileType = sourcecode.swift; path = ImageAPIService.swift; sourceTree = "<group>"; };
		528DDA902AF8264800E08DEC /* CheckPasswordView.swift */ = {isa = PBXFileReference; lastKnownFileType = sourcecode.swift; path = CheckPasswordView.swift; sourceTree = "<group>"; };
		528DDA922AF8301E00E08DEC /* RegisterPasswordController.swift */ = {isa = PBXFileReference; lastKnownFileType = sourcecode.swift; path = RegisterPasswordController.swift; sourceTree = "<group>"; };
		528DDA942AF8303100E08DEC /* RegisterProfileController.swift */ = {isa = PBXFileReference; lastKnownFileType = sourcecode.swift; path = RegisterProfileController.swift; sourceTree = "<group>"; };
		528DDA962AF8304700E08DEC /* AgreementController.swift */ = {isa = PBXFileReference; lastKnownFileType = sourcecode.swift; path = AgreementController.swift; sourceTree = "<group>"; };
		528DDA982AF8307600E08DEC /* RegisterEmailView.swift */ = {isa = PBXFileReference; lastKnownFileType = sourcecode.swift; path = RegisterEmailView.swift; sourceTree = "<group>"; };
		528DDA9A2AF832C900E08DEC /* RegiSterProfileView.swift */ = {isa = PBXFileReference; lastKnownFileType = sourcecode.swift; path = RegiSterProfileView.swift; sourceTree = "<group>"; };
		528DDA9D2AF84AE400E08DEC /* AgreementlView.swift */ = {isa = PBXFileReference; lastKnownFileType = sourcecode.swift; path = AgreementlView.swift; sourceTree = "<group>"; };
		528DDAA02AF85D9300E08DEC /* Validator.swift */ = {isa = PBXFileReference; lastKnownFileType = sourcecode.swift; path = Validator.swift; sourceTree = "<group>"; };
		528DDAA22AF88A5E00E08DEC /* User.swift */ = {isa = PBXFileReference; lastKnownFileType = sourcecode.swift; path = User.swift; sourceTree = "<group>"; };
		528DDAA42AF88A7300E08DEC /* Login.swift */ = {isa = PBXFileReference; lastKnownFileType = sourcecode.swift; path = Login.swift; sourceTree = "<group>"; };
		528DDAA62AF88A8C00E08DEC /* Register.swift */ = {isa = PBXFileReference; lastKnownFileType = sourcecode.swift; path = Register.swift; sourceTree = "<group>"; };
		528DDAA92AF88B2500E08DEC /* AuthService.swift */ = {isa = PBXFileReference; lastKnownFileType = sourcecode.swift; path = AuthService.swift; sourceTree = "<group>"; };
		529D7E1C2AFE60E7003A9648 /* PetInfo.swift */ = {isa = PBXFileReference; lastKnownFileType = sourcecode.swift; path = PetInfo.swift; sourceTree = "<group>"; };
		52BDFA4D2AF7C17400DFE970 /* LoginController.swift */ = {isa = PBXFileReference; lastKnownFileType = sourcecode.swift; path = LoginController.swift; sourceTree = "<group>"; };
		52BDFA502AF7C19F00DFE970 /* LoginView.swift */ = {isa = PBXFileReference; lastKnownFileType = sourcecode.swift; path = LoginView.swift; sourceTree = "<group>"; };
		52BDFA532AF7C2F400DFE970 /* SignTextField.swift */ = {isa = PBXFileReference; lastKnownFileType = sourcecode.swift; path = SignTextField.swift; sourceTree = "<group>"; };
		52BDFA552AF7C30C00DFE970 /* SignButton.swift */ = {isa = PBXFileReference; lastKnownFileType = sourcecode.swift; path = SignButton.swift; sourceTree = "<group>"; };
		52BDFA5C2AF7CF3500DFE970 /* loginAnimation.json */ = {isa = PBXFileReference; fileEncoding = 4; lastKnownFileType = text.json; path = loginAnimation.json; sourceTree = "<group>"; };
		52BDFA5E2AF7F9EC00DFE970 /* RegisterEmailController.swift */ = {isa = PBXFileReference; lastKnownFileType = sourcecode.swift; path = RegisterEmailController.swift; sourceTree = "<group>"; };
		52BDFA602AF7FA7600DFE970 /* FotgotPasswordController.swift */ = {isa = PBXFileReference; lastKnownFileType = sourcecode.swift; path = FotgotPasswordController.swift; sourceTree = "<group>"; };
		52BDFA622AF7FA8800DFE970 /* ResetPasswordController.swift */ = {isa = PBXFileReference; lastKnownFileType = sourcecode.swift; path = ResetPasswordController.swift; sourceTree = "<group>"; };
		52BDFA642AF7FB6000DFE970 /* RegisterPasswordView.swift */ = {isa = PBXFileReference; lastKnownFileType = sourcecode.swift; path = RegisterPasswordView.swift; sourceTree = "<group>"; };
		52C18DC62AFCB45E0087BA37 /* RecommendationPlaceService.swift */ = {isa = PBXFileReference; lastKnownFileType = sourcecode.swift; path = RecommendationPlaceService.swift; sourceTree = "<group>"; };
		52C18DC82AFCB4A40087BA37 /* RecommendationPlace.swift */ = {isa = PBXFileReference; lastKnownFileType = sourcecode.swift; path = RecommendationPlace.swift; sourceTree = "<group>"; };
		52D998132AD6A89600679B15 /* DearMyFriend.app */ = {isa = PBXFileReference; explicitFileType = wrapper.application; includeInIndex = 0; path = DearMyFriend.app; sourceTree = BUILT_PRODUCTS_DIR; };
		52D998162AD6A89600679B15 /* AppDelegate.swift */ = {isa = PBXFileReference; lastKnownFileType = sourcecode.swift; path = AppDelegate.swift; sourceTree = "<group>"; };
		52D998182AD6A89600679B15 /* SceneDelegate.swift */ = {isa = PBXFileReference; lastKnownFileType = sourcecode.swift; path = SceneDelegate.swift; sourceTree = "<group>"; };
		52D9981F2AD6A89700679B15 /* Assets.xcassets */ = {isa = PBXFileReference; lastKnownFileType = folder.assetcatalog; path = Assets.xcassets; sourceTree = "<group>"; };
		52D998222AD6A89700679B15 /* Base */ = {isa = PBXFileReference; lastKnownFileType = file.storyboard; name = Base; path = Base.lproj/LaunchScreen.storyboard; sourceTree = "<group>"; };
		52D998242AD6A89700679B15 /* Info.plist */ = {isa = PBXFileReference; lastKnownFileType = text.plist.xml; path = Info.plist; sourceTree = "<group>"; };
		52D9982A2AD6AADC00679B15 /* FeedViewController.swift */ = {isa = PBXFileReference; lastKnownFileType = sourcecode.swift; path = FeedViewController.swift; sourceTree = "<group>"; };
		52D9982C2AD6AAF000679B15 /* MyViewController.swift */ = {isa = PBXFileReference; lastKnownFileType = sourcecode.swift; path = MyViewController.swift; sourceTree = "<group>"; };
		52D9982E2AD6AAF800679B15 /* UserInfoViewController.swift */ = {isa = PBXFileReference; lastKnownFileType = sourcecode.swift; path = UserInfoViewController.swift; sourceTree = "<group>"; };
		52D998302AD6AB0100679B15 /* LoginViewController.swift */ = {isa = PBXFileReference; lastKnownFileType = sourcecode.swift; path = LoginViewController.swift; sourceTree = "<group>"; };
		52D998322AD6AB0E00679B15 /* YouTubeViewController.swift */ = {isa = PBXFileReference; lastKnownFileType = sourcecode.swift; path = YouTubeViewController.swift; sourceTree = "<group>"; };
		52D998342AD6AB1800679B15 /* CalculatorViewController.swift */ = {isa = PBXFileReference; lastKnownFileType = sourcecode.swift; path = CalculatorViewController.swift; sourceTree = "<group>"; };
		52D998362AD6AB2900679B15 /* MainViewController.swift */ = {isa = PBXFileReference; lastKnownFileType = sourcecode.swift; path = MainViewController.swift; sourceTree = "<group>"; };
		52D998382AD6AB6600679B15 /* PopularityViewController.swift */ = {isa = PBXFileReference; lastKnownFileType = sourcecode.swift; path = PopularityViewController.swift; sourceTree = "<group>"; };
		52D9983A2AD6AB9B00679B15 /* MapViewController.swift */ = {isa = PBXFileReference; lastKnownFileType = sourcecode.swift; path = MapViewController.swift; sourceTree = "<group>"; };
		52D9983C2AD6ABA700679B15 /* WishViewController.swift */ = {isa = PBXFileReference; lastKnownFileType = sourcecode.swift; path = WishViewController.swift; sourceTree = "<group>"; };
		52D9983E2AD6ABB500679B15 /* StoreViewController.swift */ = {isa = PBXFileReference; lastKnownFileType = sourcecode.swift; path = StoreViewController.swift; sourceTree = "<group>"; };
		52D998492AD6B0B900679B15 /* Extension.swift */ = {isa = PBXFileReference; lastKnownFileType = sourcecode.swift; path = Extension.swift; sourceTree = "<group>"; };
		52D9984B2AD6B32F00679B15 /* Helper.swift */ = {isa = PBXFileReference; lastKnownFileType = sourcecode.swift; path = Helper.swift; sourceTree = "<group>"; };
		52D9984D2AD6B88600679B15 /* MainView.swift */ = {isa = PBXFileReference; lastKnownFileType = sourcecode.swift; path = MainView.swift; sourceTree = "<group>"; };
		52D9984F2AD6BAC000679B15 /* MenuCellView.swift */ = {isa = PBXFileReference; lastKnownFileType = sourcecode.swift; path = MenuCellView.swift; sourceTree = "<group>"; };
		52D998552AD6CDF900679B15 /* TabBarController.swift */ = {isa = PBXFileReference; lastKnownFileType = sourcecode.swift; path = TabBarController.swift; sourceTree = "<group>"; };
		52EFE7A82AE7AE3E00770F03 /* IndicatorCircle.swift */ = {isa = PBXFileReference; lastKnownFileType = sourcecode.swift; path = IndicatorCircle.swift; sourceTree = "<group>"; };
		52EFE7AA2AE7AFC800770F03 /* PopularityCellView.swift */ = {isa = PBXFileReference; lastKnownFileType = sourcecode.swift; path = PopularityCellView.swift; sourceTree = "<group>"; };
		52F9BC062AFA3297008C4438 /* WebViewController.swift */ = {isa = PBXFileReference; lastKnownFileType = sourcecode.swift; path = WebViewController.swift; sourceTree = "<group>"; };
		5FA86767F069DDC92CC19989 /* Pods-DearMyFriend.release.xcconfig */ = {isa = PBXFileReference; includeInIndex = 1; lastKnownFileType = text.xcconfig; name = "Pods-DearMyFriend.release.xcconfig"; path = "Target Support Files/Pods-DearMyFriend/Pods-DearMyFriend.release.xcconfig"; sourceTree = "<group>"; };
		7D95703E2AEA452E00F657FF /* joinFirebase.swift */ = {isa = PBXFileReference; lastKnownFileType = sourcecode.swift; path = joinFirebase.swift; sourceTree = "<group>"; };
		7DFCD0132AF8E166000644DC /* SettingViewController.swift */ = {isa = PBXFileReference; lastKnownFileType = sourcecode.swift; path = SettingViewController.swift; sourceTree = "<group>"; };
		7DFCD0152AFAB809000644DC /* PetInfoViewController.swift */ = {isa = PBXFileReference; lastKnownFileType = sourcecode.swift; path = PetInfoViewController.swift; sourceTree = "<group>"; };
		EB16BA3E2AF8CEE60036CFE8 /* MyProfileFirebase.swift */ = {isa = PBXFileReference; lastKnownFileType = sourcecode.swift; path = MyProfileFirebase.swift; sourceTree = "<group>"; };
		EB16BA432AFA0FE30036CFE8 /* MyFeedViewController.swift */ = {isa = PBXFileReference; lastKnownFileType = sourcecode.swift; path = MyFeedViewController.swift; sourceTree = "<group>"; };
		EB16BA452AFA2D180036CFE8 /* MyFeedView.swift */ = {isa = PBXFileReference; lastKnownFileType = sourcecode.swift; path = MyFeedView.swift; sourceTree = "<group>"; };
		EB17F3E12AF48DA600971859 /* MyProfileTitleView.swift */ = {isa = PBXFileReference; lastKnownFileType = sourcecode.swift; path = MyProfileTitleView.swift; sourceTree = "<group>"; };
		EB17F3E32AF492BF00971859 /* MyProfileInfoView.swift */ = {isa = PBXFileReference; lastKnownFileType = sourcecode.swift; path = MyProfileInfoView.swift; sourceTree = "<group>"; };
		EB17F3E52AF4D39400971859 /* MyPetInfoView.swift */ = {isa = PBXFileReference; lastKnownFileType = sourcecode.swift; path = MyPetInfoView.swift; sourceTree = "<group>"; };
		EB17F3E72AF4D3A700971859 /* MyPostView.swift */ = {isa = PBXFileReference; lastKnownFileType = sourcecode.swift; path = MyPostView.swift; sourceTree = "<group>"; };
		EB5EDEE12AEA4030002075F9 /* UserModel.swift */ = {isa = PBXFileReference; lastKnownFileType = sourcecode.swift; path = UserModel.swift; sourceTree = "<group>"; };
		EB5EDEE32AEF3C9C002075F9 /* CommentView.swift */ = {isa = PBXFileReference; lastKnownFileType = sourcecode.swift; path = CommentView.swift; sourceTree = "<group>"; };
		EB5EDEE52AEF484D002075F9 /* CommentTableViewCell.swift */ = {isa = PBXFileReference; lastKnownFileType = sourcecode.swift; path = CommentTableViewCell.swift; sourceTree = "<group>"; };
		EB5EDEE72AEF4EA7002075F9 /* CommentViewController.swift */ = {isa = PBXFileReference; lastKnownFileType = sourcecode.swift; path = CommentViewController.swift; sourceTree = "<group>"; };
		EB5EDEE92AEF4FBF002075F9 /* CommentTitleView.swift */ = {isa = PBXFileReference; lastKnownFileType = sourcecode.swift; path = CommentTitleView.swift; sourceTree = "<group>"; };
		EB5EDEEC2AF10277002075F9 /* CommentInputView.swift */ = {isa = PBXFileReference; lastKnownFileType = sourcecode.swift; path = CommentInputView.swift; sourceTree = "<group>"; };
		EBD2B73A2AE21C61007FD1DA /* FeedModel.swift */ = {isa = PBXFileReference; lastKnownFileType = sourcecode.swift; path = FeedModel.swift; sourceTree = "<group>"; };
		EBD2B7512AE2235C007FD1DA /* FeedFirebaseError.swift */ = {isa = PBXFileReference; lastKnownFileType = sourcecode.swift; path = FeedFirebaseError.swift; sourceTree = "<group>"; };
		EBD2B7532AE23FC3007FD1DA /* GoogleService-Info.plist */ = {isa = PBXFileReference; fileEncoding = 4; lastKnownFileType = text.plist.xml; path = "GoogleService-Info.plist"; sourceTree = "<group>"; };
		EBD2B7572AE23FEE007FD1DA /* FeedTableViewCell.swift */ = {isa = PBXFileReference; lastKnownFileType = sourcecode.swift; path = FeedTableViewCell.swift; sourceTree = "<group>"; };
		EBD2B7592AE2402F007FD1DA /* ImageCollectionViewCell.swift */ = {isa = PBXFileReference; lastKnownFileType = sourcecode.swift; path = ImageCollectionViewCell.swift; sourceTree = "<group>"; };
		EBD2B75D2AE240D1007FD1DA /* FeedTitleView.swift */ = {isa = PBXFileReference; lastKnownFileType = sourcecode.swift; path = FeedTitleView.swift; sourceTree = "<group>"; };
		EBD2B75F2AE240FA007FD1DA /* FeedView.swift */ = {isa = PBXFileReference; lastKnownFileType = sourcecode.swift; path = FeedView.swift; sourceTree = "<group>"; };
		EBD2B7612AE2410F007FD1DA /* AddPostView.swift */ = {isa = PBXFileReference; lastKnownFileType = sourcecode.swift; path = AddPostView.swift; sourceTree = "<group>"; };
		EBD2B7632AE241E7007FD1DA /* AddPostViewController.swift */ = {isa = PBXFileReference; lastKnownFileType = sourcecode.swift; path = AddPostViewController.swift; sourceTree = "<group>"; };
		EBD2B7652AE24210007FD1DA /* FeedFirebase.swift */ = {isa = PBXFileReference; lastKnownFileType = sourcecode.swift; path = FeedFirebase.swift; sourceTree = "<group>"; };
		EBD411AB2AF6675F00A942D6 /* PetModel.swift */ = {isa = PBXFileReference; lastKnownFileType = sourcecode.swift; path = PetModel.swift; sourceTree = "<group>"; };
		EBD411AE2AF667F000A942D6 /* MyPetTableViewCell.swift */ = {isa = PBXFileReference; lastKnownFileType = sourcecode.swift; path = MyPetTableViewCell.swift; sourceTree = "<group>"; };
		EBD411B02AF66B2200A942D6 /* MyPostCollectionViewCell.swift */ = {isa = PBXFileReference; lastKnownFileType = sourcecode.swift; path = MyPostCollectionViewCell.swift; sourceTree = "<group>"; };
/* End PBXFileReference section */

/* Begin PBXFrameworksBuildPhase section */
		52D998102AD6A89600679B15 /* Frameworks */ = {
			isa = PBXFrameworksBuildPhase;
			buildActionMask = 2147483647;
			files = (
				525C36B32AF8C072001F76AB /* FirebaseFunctions in Frameworks */,
				EBD2B73E2AE221F5007FD1DA /* FirebaseAnalytics in Frameworks */,
				525C366B2AF8BFCA001F76AB /* FirebaseAuth in Frameworks */,
				525C369F2AF8C072001F76AB /* FirebaseAppDistribution-Beta in Frameworks */,
				525C36C12AF8C072001F76AB /* FirebasePerformance in Frameworks */,
				525C36A32AF8C072001F76AB /* FirebaseAuthCombine-Community in Frameworks */,
				525C36672AF8BFCA001F76AB /* FirebaseAppCheck in Frameworks */,
				525C36B12AF8C072001F76AB /* FirebaseFirestoreSwift in Frameworks */,
				525C36AD2AF8C072001F76AB /* FirebaseFirestore in Frameworks */,
				525C36A52AF8C072001F76AB /* FirebaseCrashlytics in Frameworks */,
				525C367D2AF8BFCA001F76AB /* FirebaseFunctions in Frameworks */,
				EBD2B7502AE22241007FD1DA /* SnapKit in Frameworks */,
				EBD2B7442AE221F5007FD1DA /* FirebaseStorage in Frameworks */,
				525C36792AF8BFCA001F76AB /* FirebaseFirestoreCombine-Community in Frameworks */,
				525C36632AF8BFCA001F76AB /* FirebaseAnalyticsSwift in Frameworks */,
				525C369D2AF8C072001F76AB /* FirebaseAppCheck in Frameworks */,
				4E2F96772B017EA300FED791 /* Toast in Frameworks */,
				525C36712AF8BFCA001F76AB /* FirebaseDatabase in Frameworks */,
				EBD2B7402AE221F5007FD1DA /* FirebaseFirestore in Frameworks */,
				EBD2B7422AE221F5007FD1DA /* FirebaseFirestoreSwift in Frameworks */,
				525C36A72AF8C072001F76AB /* FirebaseDatabase in Frameworks */,
				525C36692AF8BFCA001F76AB /* FirebaseAppDistribution-Beta in Frameworks */,
				525C36B72AF8C072001F76AB /* FirebaseInAppMessaging-Beta in Frameworks */,
				525C36992AF8C072001F76AB /* FirebaseAnalyticsSwift in Frameworks */,
				525C369B2AF8C072001F76AB /* FirebaseAnalyticsWithoutAdIdSupport in Frameworks */,
				525C36AF2AF8C072001F76AB /* FirebaseFirestoreCombine-Community in Frameworks */,
				525C36892AF8BFCA001F76AB /* FirebaseMessaging in Frameworks */,
				525C36872AF8BFCA001F76AB /* FirebaseMLModelDownloader in Frameworks */,
				525C368B2AF8BFCA001F76AB /* FirebasePerformance in Frameworks */,
				525C36BF2AF8C072001F76AB /* FirebaseMessaging in Frameworks */,
				525C36BD2AF8C072001F76AB /* FirebaseMLModelDownloader in Frameworks */,
				EB16BA422AF9F0F10036CFE8 /* Kingfisher in Frameworks */,
				525C36A12AF8C072001F76AB /* FirebaseAuth in Frameworks */,
				EBD2B74D2AE22232007FD1DA /* Moya in Frameworks */,
				525C36812AF8BFCA001F76AB /* FirebaseInAppMessaging-Beta in Frameworks */,
				525C367F2AF8BFCA001F76AB /* FirebaseFunctionsCombine-Community in Frameworks */,
				525C36852AF8BFCA001F76AB /* FirebaseInstallations in Frameworks */,
				525C36C72AF8C072001F76AB /* FirebaseStorage in Frameworks */,
				525C36652AF8BFCA001F76AB /* FirebaseAnalyticsWithoutAdIdSupport in Frameworks */,
				EBD2B74A2AE2221B007FD1DA /* Lottie in Frameworks */,
				525C367B2AF8BFCA001F76AB /* FirebaseFirestoreSwift in Frameworks */,
				525C36972AF8C072001F76AB /* FirebaseAnalyticsOnDeviceConversion in Frameworks */,
				525C36932AF8BFCA001F76AB /* FirebaseStorageCombine-Community in Frameworks */,
				525C36732AF8BFCA001F76AB /* FirebaseDatabaseSwift in Frameworks */,
				525C368D2AF8BFCA001F76AB /* FirebaseRemoteConfig in Frameworks */,
				525C36A92AF8C072001F76AB /* FirebaseDatabaseSwift in Frameworks */,
				525C36612AF8BFCA001F76AB /* FirebaseAnalyticsOnDeviceConversion in Frameworks */,
				525C36952AF8C072001F76AB /* FirebaseAnalytics in Frameworks */,
				525C36C32AF8C072001F76AB /* FirebaseRemoteConfig in Frameworks */,
				525C366F2AF8BFCA001F76AB /* FirebaseCrashlytics in Frameworks */,
				525C36AB2AF8C072001F76AB /* FirebaseDynamicLinks in Frameworks */,
				525C36BB2AF8C072001F76AB /* FirebaseInstallations in Frameworks */,
				EF93D8E598A9724059E59C52 /* libPods-DearMyFriend.a in Frameworks */,
				525C368F2AF8BFCA001F76AB /* FirebaseRemoteConfigSwift in Frameworks */,
				525C365F2AF8BFCA001F76AB /* FirebaseAnalytics in Frameworks */,
				525C36912AF8BFCA001F76AB /* FirebaseStorage in Frameworks */,
				525C36B52AF8C072001F76AB /* FirebaseFunctionsCombine-Community in Frameworks */,
				525C366D2AF8BFCA001F76AB /* FirebaseAuthCombine-Community in Frameworks */,
				525C36752AF8BFCA001F76AB /* FirebaseDynamicLinks in Frameworks */,
				525C36832AF8BFCA001F76AB /* FirebaseInAppMessagingSwift-Beta in Frameworks */,
				525C36C92AF8C072001F76AB /* FirebaseStorageCombine-Community in Frameworks */,
				525C36C52AF8C072001F76AB /* FirebaseRemoteConfigSwift in Frameworks */,
				525C36B92AF8C072001F76AB /* FirebaseInAppMessagingSwift-Beta in Frameworks */,
				525C36772AF8BFCA001F76AB /* FirebaseFirestore in Frameworks */,
			);
			runOnlyForDeploymentPostprocessing = 0;
		};
/* End PBXFrameworksBuildPhase section */

/* Begin PBXGroup section */
		45FC0727E4D5C86D8C9B1A96 /* Pods */ = {
			isa = PBXGroup;
			children = (
				211A4D9FC879324F15DA3B42 /* Pods-DearMyFriend.debug.xcconfig */,
				5FA86767F069DDC92CC19989 /* Pods-DearMyFriend.release.xcconfig */,
			);
			path = Pods;
			sourceTree = "<group>";
		};
		5225A1432AFC8656005CE724 /* Loading */ = {
			isa = PBXGroup;
			children = (
				5225A1442AFC866A005CE724 /* LoadingController.swift */,
			);
			path = Loading;
			sourceTree = "<group>";
		};
		5258C2642AE6488700E9FC2B /* Font */ = {
			isa = PBXGroup;
			children = (
				5258C2652AE648AE00E9FC2B /* SpoqaHanSansNeo-Bold.ttf */,
				5258C2672AE648AF00E9FC2B /* SpoqaHanSansNeo-Light.ttf */,
				5258C2662AE648AE00E9FC2B /* SpoqaHanSansNeo-Medium.ttf */,
				5258C2682AE648AF00E9FC2B /* SpoqaHanSansNeo-Regular.ttf */,
				5258C2692AE648AF00E9FC2B /* SpoqaHanSansNeo-Thin.ttf */,
			);
			path = Font;
			sourceTree = "<group>";
		};
		5258C26F2AE65BDF00E9FC2B /* MainPage */ = {
			isa = PBXGroup;
			children = (
				5258C2702AE65C0F00E9FC2B /* RecommendationStore.swift */,
				5258C2722AE6651000E9FC2B /* AppStoreNetworking.swift */,
				523A7B2B2AF9E3E300EA4D5F /* StorageService.swift */,
				52C18DC62AFCB45E0087BA37 /* RecommendationPlaceService.swift */,
				52C18DC82AFCB4A40087BA37 /* RecommendationPlace.swift */,
			);
			path = MainPage;
			sourceTree = "<group>";
		};
		526EB6702AE226430073C77D /* MainPage */ = {
			isa = PBXGroup;
			children = (
				52D9984D2AD6B88600679B15 /* MainView.swift */,
				52D9984F2AD6BAC000679B15 /* MenuCellView.swift */,
				526EB6712AE263200073C77D /* RankeImageCellView.swift */,
				5258C2622AE6334600E9FC2B /* ReuseCollectionView.swift */,
			);
			path = MainPage;
			sourceTree = "<group>";
		};
		528DDA9F2AF85D7C00E08DEC /* Login */ = {
			isa = PBXGroup;
			children = (
				528DDAA82AF88B0200E08DEC /* AuthModel */,
				528DDAA92AF88B2500E08DEC /* AuthService.swift */,
				523A7B282AF8F01800EA4D5F /* AlertManager.swift */,
			);
			path = Login;
			sourceTree = "<group>";
		};
		528DDAA82AF88B0200E08DEC /* AuthModel */ = {
			isa = PBXGroup;
			children = (
				528DDAA02AF85D9300E08DEC /* Validator.swift */,
				528DDAA22AF88A5E00E08DEC /* User.swift */,
				528DDAA62AF88A8C00E08DEC /* Register.swift */,
				528DDAA42AF88A7300E08DEC /* Login.swift */,
			);
			path = AuthModel;
			sourceTree = "<group>";
		};
		529D7E1B2AFE60D4003A9648 /* AddPet */ = {
			isa = PBXGroup;
			children = (
				529D7E1C2AFE60E7003A9648 /* PetInfo.swift */,
				524A0C212AFEF5B000D08971 /* ReadPetData.swift */,
			);
			path = AddPet;
			sourceTree = "<group>";
		};
		52BDFA4B2AF7C08200DFE970 /* LoginController */ = {
			isa = PBXGroup;
			children = (
				52BDFA4D2AF7C17400DFE970 /* LoginController.swift */,
				52BDFA5E2AF7F9EC00DFE970 /* RegisterEmailController.swift */,
				528DDA922AF8301E00E08DEC /* RegisterPasswordController.swift */,
				528DDA942AF8303100E08DEC /* RegisterProfileController.swift */,
				528DDA962AF8304700E08DEC /* AgreementController.swift */,
				52BDFA602AF7FA7600DFE970 /* FotgotPasswordController.swift */,
				52BDFA622AF7FA8800DFE970 /* ResetPasswordController.swift */,
				52F9BC062AFA3297008C4438 /* WebViewController.swift */,
			);
			path = LoginController;
			sourceTree = "<group>";
		};
		52BDFA4C2AF7C0A100DFE970 /* Supporting */ = {
			isa = PBXGroup;
			children = (
				52D998162AD6A89600679B15 /* AppDelegate.swift */,
				52D998182AD6A89600679B15 /* SceneDelegate.swift */,
				52D998492AD6B0B900679B15 /* Extension.swift */,
				52D9984B2AD6B32F00679B15 /* Helper.swift */,
				52D9981F2AD6A89700679B15 /* Assets.xcassets */,
				52D998212AD6A89700679B15 /* LaunchScreen.storyboard */,
				EBD2B7532AE23FC3007FD1DA /* GoogleService-Info.plist */,
			);
			path = Supporting;
			sourceTree = "<group>";
		};
		52BDFA4F2AF7C17C00DFE970 /* LoginViews */ = {
			isa = PBXGroup;
			children = (
				52BDFA502AF7C19F00DFE970 /* LoginView.swift */,
				528DDA982AF8307600E08DEC /* RegisterEmailView.swift */,
				52BDFA642AF7FB6000DFE970 /* RegisterPasswordView.swift */,
				528DDA9A2AF832C900E08DEC /* RegiSterProfileView.swift */,
				528DDA9D2AF84AE400E08DEC /* AgreementlView.swift */,
				523A7B242AF8E51200EA4D5F /* ForgotPasswordView.swift */,
				523A7B262AF8E6F500EA4D5F /* ResetPasswordView.swift */,
				52BDFA522AF7C23600DFE970 /* CustomUI */,
			);
			path = LoginViews;
			sourceTree = "<group>";
		};
		52BDFA522AF7C23600DFE970 /* CustomUI */ = {
			isa = PBXGroup;
			children = (
				52BDFA532AF7C2F400DFE970 /* SignTextField.swift */,
				52BDFA552AF7C30C00DFE970 /* SignButton.swift */,
				528DDA902AF8264800E08DEC /* CheckPasswordView.swift */,
			);
			path = CustomUI;
			sourceTree = "<group>";
		};
		52BDFA592AF7C9BD00DFE970 /* Animation */ = {
			isa = PBXGroup;
			children = (
				52BDFA5C2AF7CF3500DFE970 /* loginAnimation.json */,
				5225A1412AFC8643005CE724 /* loading.json */,
			);
			path = Animation;
			sourceTree = "<group>";
		};
		52D9980A2AD6A89600679B15 = {
			isa = PBXGroup;
			children = (
				52D998152AD6A89600679B15 /* DearMyFriend */,
				52D998142AD6A89600679B15 /* Products */,
				45FC0727E4D5C86D8C9B1A96 /* Pods */,
				BB298B00E51DBA2F5AA209DA /* Frameworks */,
			);
			sourceTree = "<group>";
		};
		52D998142AD6A89600679B15 /* Products */ = {
			isa = PBXGroup;
			children = (
				52D998132AD6A89600679B15 /* DearMyFriend.app */,
			);
			name = Products;
			sourceTree = "<group>";
		};
		52D998152AD6A89600679B15 /* DearMyFriend */ = {
			isa = PBXGroup;
			children = (
				523A7B232AF8E2DD00EA4D5F /* DearMyFriend.entitlements */,
				52D998242AD6A89700679B15 /* Info.plist */,
				52BDFA4C2AF7C0A100DFE970 /* Supporting */,
				52BDFA592AF7C9BD00DFE970 /* Animation */,
				5258C2642AE6488700E9FC2B /* Font */,
				EBD2B7382AE21C4A007FD1DA /* Model */,
				52D998412AD6AC7600679B15 /* View */,
				52D998422AD6AC7B00679B15 /* ViewController */,
			);
			path = DearMyFriend;
			sourceTree = "<group>";
		};
		52D998412AD6AC7600679B15 /* View */ = {
			isa = PBXGroup;
			children = (
				52BDFA4F2AF7C17C00DFE970 /* LoginViews */,
				EB17F3E02AF48D4500971859 /* MyProfile */,
				EBD2B7552AE23FCD007FD1DA /* Feed */,
				526EB6702AE226430073C77D /* MainPage */,
				52EFE7A72AE7ADBE00770F03 /* PopularityView */,
			);
			path = View;
			sourceTree = "<group>";
		};
		52D998422AD6AC7B00679B15 /* ViewController */ = {
			isa = PBXGroup;
			children = (
				5225A1432AFC8656005CE724 /* Loading */,
				52BDFA4B2AF7C08200DFE970 /* LoginController */,
				52D998432AD6AC8B00679B15 /* Login */,
				52D998572AD6CE9C00679B15 /* Entry */,
			);
			path = ViewController;
			sourceTree = "<group>";
		};
		52D998432AD6AC8B00679B15 /* Login */ = {
			isa = PBXGroup;
			children = (
				52D998302AD6AB0100679B15 /* LoginViewController.swift */,
				52D9982E2AD6AAF800679B15 /* UserInfoViewController.swift */,
				7D95703E2AEA452E00F657FF /* joinFirebase.swift */,
			);
			path = Login;
			sourceTree = "<group>";
		};
		52D998442AD6AE1400679B15 /* Main */ = {
			isa = PBXGroup;
			children = (
				52D998362AD6AB2900679B15 /* MainViewController.swift */,
				52D998382AD6AB6600679B15 /* PopularityViewController.swift */,
				52D998482AD6B01E00679B15 /* Menu */,
			);
			path = Main;
			sourceTree = "<group>";
		};
		52D998452AD6AE4800679B15 /* MyProfile */ = {
			isa = PBXGroup;
			children = (
				52D9982C2AD6AAF000679B15 /* MyViewController.swift */,
				7DFCD0132AF8E166000644DC /* SettingViewController.swift */,
				EB16BA3E2AF8CEE60036CFE8 /* MyProfileFirebase.swift */,
				EB16BA432AFA0FE30036CFE8 /* MyFeedViewController.swift */,
				7DFCD0152AFAB809000644DC /* PetInfoViewController.swift */,
			);
			path = MyProfile;
			sourceTree = "<group>";
		};
		52D998462AD6AE7400679B15 /* Feed */ = {
			isa = PBXGroup;
			children = (
				52D9982A2AD6AADC00679B15 /* FeedViewController.swift */,
				EBD2B7632AE241E7007FD1DA /* AddPostViewController.swift */,
				EBD2B7652AE24210007FD1DA /* FeedFirebase.swift */,
				EB5EDEE72AEF4EA7002075F9 /* CommentViewController.swift */,
			);
			path = Feed;
			sourceTree = "<group>";
		};
		52D998482AD6B01E00679B15 /* Menu */ = {
			isa = PBXGroup;
			children = (
				52D9983A2AD6AB9B00679B15 /* MapViewController.swift */,
				52D998322AD6AB0E00679B15 /* YouTubeViewController.swift */,
				372923412AF3C191009993F8 /* CalculInfo.swift */,
				52D998342AD6AB1800679B15 /* CalculatorViewController.swift */,
				4E275AAF2AE27D27005146AA /* SearchAPIManager.swift */,
				1FBA09912AE6732700A3B42C /* YouTubeTableViewCell.swift */,
				4E275AB12AE27D39005146AA /* NaverSearchService.swift */,
				52D9983C2AD6ABA700679B15 /* WishViewController.swift */,
				52D9983E2AD6ABB500679B15 /* StoreViewController.swift */,
			);
			path = Menu;
			sourceTree = "<group>";
		};
		52D998572AD6CE9C00679B15 /* Entry */ = {
			isa = PBXGroup;
			children = (
				52D998552AD6CDF900679B15 /* TabBarController.swift */,
				52D998462AD6AE7400679B15 /* Feed */,
				52D998442AD6AE1400679B15 /* Main */,
				52D998452AD6AE4800679B15 /* MyProfile */,
			);
			path = Entry;
			sourceTree = "<group>";
		};
		52EFE7A72AE7ADBE00770F03 /* PopularityView */ = {
			isa = PBXGroup;
			children = (
				52EFE7A82AE7AE3E00770F03 /* IndicatorCircle.swift */,
				52EFE7AA2AE7AFC800770F03 /* PopularityCellView.swift */,
			);
			path = PopularityView;
			sourceTree = "<group>";
		};
		52F9BC0A2AFB3DF3008C4438 /* Map */ = {
			isa = PBXGroup;
			children = (
				52713E7F2AFD1E3000D2F377 /* ImageAPIService.swift */,
			);
			path = Map;
			sourceTree = "<group>";
		};
		BB298B00E51DBA2F5AA209DA /* Frameworks */ = {
			isa = PBXGroup;
			children = (
				2F70DC412C4BA07AE6693545 /* libPods-DearMyFriend.a */,
			);
			name = Frameworks;
			sourceTree = "<group>";
		};
		EB17F3E02AF48D4500971859 /* MyProfile */ = {
			isa = PBXGroup;
			children = (
				EBD411AD2AF667D100A942D6 /* Cell */,
				EB17F3E12AF48DA600971859 /* MyProfileTitleView.swift */,
				EB17F3E32AF492BF00971859 /* MyProfileInfoView.swift */,
				EB17F3E52AF4D39400971859 /* MyPetInfoView.swift */,
				EB17F3E72AF4D3A700971859 /* MyPostView.swift */,
				EB16BA452AFA2D180036CFE8 /* MyFeedView.swift */,
			);
			path = MyProfile;
			sourceTree = "<group>";
		};
		EB5EDEE02AEA4013002075F9 /* User */ = {
			isa = PBXGroup;
			children = (
				EB5EDEE12AEA4030002075F9 /* UserModel.swift */,
			);
			path = User;
			sourceTree = "<group>";
		};
		EB5EDEEB2AF1024F002075F9 /* Comment */ = {
			isa = PBXGroup;
			children = (
				EB5EDEE32AEF3C9C002075F9 /* CommentView.swift */,
				EB5EDEE92AEF4FBF002075F9 /* CommentTitleView.swift */,
				EB5EDEEC2AF10277002075F9 /* CommentInputView.swift */,
			);
			path = Comment;
			sourceTree = "<group>";
		};
		EBD2B7382AE21C4A007FD1DA /* Model */ = {
			isa = PBXGroup;
			children = (
				4E44779E2AFF915000A7A458 /* ImageResiger.swift */,
				529D7E1B2AFE60D4003A9648 /* AddPet */,
				52F9BC0A2AFB3DF3008C4438 /* Map */,
				528DDA9F2AF85D7C00E08DEC /* Login */,
				EBD411AA2AF6675200A942D6 /* Pet */,
				EB5EDEE02AEA4013002075F9 /* User */,
				5258C26F2AE65BDF00E9FC2B /* MainPage */,
				EBD2B7392AE21C56007FD1DA /* Feed */,
			);
			path = Model;
			sourceTree = "<group>";
		};
		EBD2B7392AE21C56007FD1DA /* Feed */ = {
			isa = PBXGroup;
			children = (
				EBD2B73A2AE21C61007FD1DA /* FeedModel.swift */,
				EBD2B7512AE2235C007FD1DA /* FeedFirebaseError.swift */,
			);
			path = Feed;
			sourceTree = "<group>";
		};
		EBD2B7552AE23FCD007FD1DA /* Feed */ = {
			isa = PBXGroup;
			children = (
				EBD2B7562AE23FDA007FD1DA /* Cell */,
				EB5EDEEB2AF1024F002075F9 /* Comment */,
				EBD2B75D2AE240D1007FD1DA /* FeedTitleView.swift */,
				EBD2B75F2AE240FA007FD1DA /* FeedView.swift */,
				EBD2B7612AE2410F007FD1DA /* AddPostView.swift */,
			);
			path = Feed;
			sourceTree = "<group>";
		};
		EBD2B7562AE23FDA007FD1DA /* Cell */ = {
			isa = PBXGroup;
			children = (
				EBD2B7572AE23FEE007FD1DA /* FeedTableViewCell.swift */,
				EBD2B7592AE2402F007FD1DA /* ImageCollectionViewCell.swift */,
				EB5EDEE52AEF484D002075F9 /* CommentTableViewCell.swift */,
			);
			path = Cell;
			sourceTree = "<group>";
		};
		EBD411AA2AF6675200A942D6 /* Pet */ = {
			isa = PBXGroup;
			children = (
				EBD411AB2AF6675F00A942D6 /* PetModel.swift */,
			);
			path = Pet;
			sourceTree = "<group>";
		};
		EBD411AD2AF667D100A942D6 /* Cell */ = {
			isa = PBXGroup;
			children = (
				EBD411AE2AF667F000A942D6 /* MyPetTableViewCell.swift */,
				EBD411B02AF66B2200A942D6 /* MyPostCollectionViewCell.swift */,
			);
			path = Cell;
			sourceTree = "<group>";
		};
/* End PBXGroup section */

/* Begin PBXNativeTarget section */
		52D998122AD6A89600679B15 /* DearMyFriend */ = {
			isa = PBXNativeTarget;
			buildConfigurationList = 52D998272AD6A89700679B15 /* Build configuration list for PBXNativeTarget "DearMyFriend" */;
			buildPhases = (
				8E3F3F097D45B93EB82CCBD9 /* [CP] Check Pods Manifest.lock */,
				52D9980F2AD6A89600679B15 /* Sources */,
				52D998102AD6A89600679B15 /* Frameworks */,
				52D998112AD6A89600679B15 /* Resources */,
				39C293B31037453A7F2600D5 /* [CP] Embed Pods Frameworks */,
			);
			buildRules = (
			);
			dependencies = (
			);
			name = DearMyFriend;
			packageProductDependencies = (
				EBD2B73D2AE221F5007FD1DA /* FirebaseAnalytics */,
				EBD2B73F2AE221F5007FD1DA /* FirebaseFirestore */,
				EBD2B7412AE221F5007FD1DA /* FirebaseFirestoreSwift */,
				EBD2B7432AE221F5007FD1DA /* FirebaseStorage */,
				EBD2B7492AE2221B007FD1DA /* Lottie */,
				EBD2B74C2AE22232007FD1DA /* Moya */,
				EBD2B74F2AE22241007FD1DA /* SnapKit */,
				525C365E2AF8BFCA001F76AB /* FirebaseAnalytics */,
				525C36602AF8BFCA001F76AB /* FirebaseAnalyticsOnDeviceConversion */,
				525C36622AF8BFCA001F76AB /* FirebaseAnalyticsSwift */,
				525C36642AF8BFCA001F76AB /* FirebaseAnalyticsWithoutAdIdSupport */,
				525C36662AF8BFCA001F76AB /* FirebaseAppCheck */,
				525C36682AF8BFCA001F76AB /* FirebaseAppDistribution-Beta */,
				525C366A2AF8BFCA001F76AB /* FirebaseAuth */,
				525C366C2AF8BFCA001F76AB /* FirebaseAuthCombine-Community */,
				525C366E2AF8BFCA001F76AB /* FirebaseCrashlytics */,
				525C36702AF8BFCA001F76AB /* FirebaseDatabase */,
				525C36722AF8BFCA001F76AB /* FirebaseDatabaseSwift */,
				525C36742AF8BFCA001F76AB /* FirebaseDynamicLinks */,
				525C36762AF8BFCA001F76AB /* FirebaseFirestore */,
				525C36782AF8BFCA001F76AB /* FirebaseFirestoreCombine-Community */,
				525C367A2AF8BFCA001F76AB /* FirebaseFirestoreSwift */,
				525C367C2AF8BFCA001F76AB /* FirebaseFunctions */,
				525C367E2AF8BFCA001F76AB /* FirebaseFunctionsCombine-Community */,
				525C36802AF8BFCA001F76AB /* FirebaseInAppMessaging-Beta */,
				525C36822AF8BFCA001F76AB /* FirebaseInAppMessagingSwift-Beta */,
				525C36842AF8BFCA001F76AB /* FirebaseInstallations */,
				525C36862AF8BFCA001F76AB /* FirebaseMLModelDownloader */,
				525C36882AF8BFCA001F76AB /* FirebaseMessaging */,
				525C368A2AF8BFCA001F76AB /* FirebasePerformance */,
				525C368C2AF8BFCA001F76AB /* FirebaseRemoteConfig */,
				525C368E2AF8BFCA001F76AB /* FirebaseRemoteConfigSwift */,
				525C36902AF8BFCA001F76AB /* FirebaseStorage */,
				525C36922AF8BFCA001F76AB /* FirebaseStorageCombine-Community */,
				525C36942AF8C072001F76AB /* FirebaseAnalytics */,
				525C36962AF8C072001F76AB /* FirebaseAnalyticsOnDeviceConversion */,
				525C36982AF8C072001F76AB /* FirebaseAnalyticsSwift */,
				525C369A2AF8C072001F76AB /* FirebaseAnalyticsWithoutAdIdSupport */,
				525C369C2AF8C072001F76AB /* FirebaseAppCheck */,
				525C369E2AF8C072001F76AB /* FirebaseAppDistribution-Beta */,
				525C36A02AF8C072001F76AB /* FirebaseAuth */,
				525C36A22AF8C072001F76AB /* FirebaseAuthCombine-Community */,
				525C36A42AF8C072001F76AB /* FirebaseCrashlytics */,
				525C36A62AF8C072001F76AB /* FirebaseDatabase */,
				525C36A82AF8C072001F76AB /* FirebaseDatabaseSwift */,
				525C36AA2AF8C072001F76AB /* FirebaseDynamicLinks */,
				525C36AC2AF8C072001F76AB /* FirebaseFirestore */,
				525C36AE2AF8C072001F76AB /* FirebaseFirestoreCombine-Community */,
				525C36B02AF8C072001F76AB /* FirebaseFirestoreSwift */,
				525C36B22AF8C072001F76AB /* FirebaseFunctions */,
				525C36B42AF8C072001F76AB /* FirebaseFunctionsCombine-Community */,
				525C36B62AF8C072001F76AB /* FirebaseInAppMessaging-Beta */,
				525C36B82AF8C072001F76AB /* FirebaseInAppMessagingSwift-Beta */,
				525C36BA2AF8C072001F76AB /* FirebaseInstallations */,
				525C36BC2AF8C072001F76AB /* FirebaseMLModelDownloader */,
				525C36BE2AF8C072001F76AB /* FirebaseMessaging */,
				525C36C02AF8C072001F76AB /* FirebasePerformance */,
				525C36C22AF8C072001F76AB /* FirebaseRemoteConfig */,
				525C36C42AF8C072001F76AB /* FirebaseRemoteConfigSwift */,
				525C36C62AF8C072001F76AB /* FirebaseStorage */,
				525C36C82AF8C072001F76AB /* FirebaseStorageCombine-Community */,
				EB16BA412AF9F0F10036CFE8 /* Kingfisher */,
				4E2F96762B017EA300FED791 /* Toast */,
			);
			productName = DearMyFriend;
			productReference = 52D998132AD6A89600679B15 /* DearMyFriend.app */;
			productType = "com.apple.product-type.application";
		};
/* End PBXNativeTarget section */

/* Begin PBXProject section */
		52D9980B2AD6A89600679B15 /* Project object */ = {
			isa = PBXProject;
			attributes = {
				BuildIndependentTargetsInParallel = 1;
				LastSwiftUpdateCheck = 1500;
				LastUpgradeCheck = 1500;
				TargetAttributes = {
					52D998122AD6A89600679B15 = {
						CreatedOnToolsVersion = 15.0;
					};
				};
			};
			buildConfigurationList = 52D9980E2AD6A89600679B15 /* Build configuration list for PBXProject "DearMyFriend" */;
			compatibilityVersion = "Xcode 14.0";
			developmentRegion = en;
			hasScannedForEncodings = 0;
			knownRegions = (
				en,
				Base,
			);
			mainGroup = 52D9980A2AD6A89600679B15;
			packageReferences = (
				EBD2B73C2AE221F5007FD1DA /* XCRemoteSwiftPackageReference "firebase-ios-sdk" */,
				EBD2B7482AE2221B007FD1DA /* XCRemoteSwiftPackageReference "lottie-ios" */,
				EBD2B74B2AE22232007FD1DA /* XCRemoteSwiftPackageReference "Moya" */,
				EBD2B74E2AE22241007FD1DA /* XCRemoteSwiftPackageReference "SnapKit" */,
				EB16BA402AF9F0F10036CFE8 /* XCRemoteSwiftPackageReference "Kingfisher" */,
				4E2F96752B017EA200FED791 /* XCRemoteSwiftPackageReference "Toast-Swift" */,
			);
			productRefGroup = 52D998142AD6A89600679B15 /* Products */;
			projectDirPath = "";
			projectRoot = "";
			targets = (
				52D998122AD6A89600679B15 /* DearMyFriend */,
			);
		};
/* End PBXProject section */

/* Begin PBXResourcesBuildPhase section */
		52D998112AD6A89600679B15 /* Resources */ = {
			isa = PBXResourcesBuildPhase;
			buildActionMask = 2147483647;
			files = (
				5258C26A2AE648AF00E9FC2B /* SpoqaHanSansNeo-Bold.ttf in Resources */,
				5258C26D2AE648AF00E9FC2B /* SpoqaHanSansNeo-Regular.ttf in Resources */,
				52D998232AD6A89700679B15 /* LaunchScreen.storyboard in Resources */,
				EBD2B7542AE23FC3007FD1DA /* GoogleService-Info.plist in Resources */,
				5225A1422AFC8643005CE724 /* loading.json in Resources */,
				5258C26B2AE648AF00E9FC2B /* SpoqaHanSansNeo-Medium.ttf in Resources */,
				5258C26C2AE648AF00E9FC2B /* SpoqaHanSansNeo-Light.ttf in Resources */,
				52BDFA5D2AF7CF3500DFE970 /* loginAnimation.json in Resources */,
				5258C26E2AE648AF00E9FC2B /* SpoqaHanSansNeo-Thin.ttf in Resources */,
				52D998202AD6A89700679B15 /* Assets.xcassets in Resources */,
			);
			runOnlyForDeploymentPostprocessing = 0;
		};
/* End PBXResourcesBuildPhase section */

/* Begin PBXShellScriptBuildPhase section */
		39C293B31037453A7F2600D5 /* [CP] Embed Pods Frameworks */ = {
			isa = PBXShellScriptBuildPhase;
			buildActionMask = 2147483647;
			files = (
			);
			inputFileListPaths = (
				"${PODS_ROOT}/Target Support Files/Pods-DearMyFriend/Pods-DearMyFriend-frameworks-${CONFIGURATION}-input-files.xcfilelist",
			);
			name = "[CP] Embed Pods Frameworks";
			outputFileListPaths = (
				"${PODS_ROOT}/Target Support Files/Pods-DearMyFriend/Pods-DearMyFriend-frameworks-${CONFIGURATION}-output-files.xcfilelist",
			);
			runOnlyForDeploymentPostprocessing = 0;
			shellPath = /bin/sh;
			shellScript = "\"${PODS_ROOT}/Target Support Files/Pods-DearMyFriend/Pods-DearMyFriend-frameworks.sh\"\n";
			showEnvVarsInLog = 0;
		};
		8E3F3F097D45B93EB82CCBD9 /* [CP] Check Pods Manifest.lock */ = {
			isa = PBXShellScriptBuildPhase;
			buildActionMask = 2147483647;
			files = (
			);
			inputFileListPaths = (
			);
			inputPaths = (
				"${PODS_PODFILE_DIR_PATH}/Podfile.lock",
				"${PODS_ROOT}/Manifest.lock",
			);
			name = "[CP] Check Pods Manifest.lock";
			outputFileListPaths = (
			);
			outputPaths = (
				"$(DERIVED_FILE_DIR)/Pods-DearMyFriend-checkManifestLockResult.txt",
			);
			runOnlyForDeploymentPostprocessing = 0;
			shellPath = /bin/sh;
			shellScript = "diff \"${PODS_PODFILE_DIR_PATH}/Podfile.lock\" \"${PODS_ROOT}/Manifest.lock\" > /dev/null\nif [ $? != 0 ] ; then\n    # print error to STDERR\n    echo \"error: The sandbox is not in sync with the Podfile.lock. Run 'pod install' or update your CocoaPods installation.\" >&2\n    exit 1\nfi\n# This output is used by Xcode 'outputs' to avoid re-running this script phase.\necho \"SUCCESS\" > \"${SCRIPT_OUTPUT_FILE_0}\"\n";
			showEnvVarsInLog = 0;
		};
/* End PBXShellScriptBuildPhase section */

/* Begin PBXSourcesBuildPhase section */
		52D9980F2AD6A89600679B15 /* Sources */ = {
			isa = PBXSourcesBuildPhase;
			buildActionMask = 2147483647;
			files = (
				EB16BA462AFA2D180036CFE8 /* MyFeedView.swift in Sources */,
				EB5EDEE82AEF4EA7002075F9 /* CommentViewController.swift in Sources */,
				52D998312AD6AB0100679B15 /* LoginViewController.swift in Sources */,
				EBD411AC2AF6675F00A942D6 /* PetModel.swift in Sources */,
				523A7B2C2AF9E3E300EA4D5F /* StorageService.swift in Sources */,
				523A7B272AF8E6F500EA4D5F /* ResetPasswordView.swift in Sources */,
				524A0C222AFEF5B000D08971 /* ReadPetData.swift in Sources */,
				52EFE7A92AE7AE3E00770F03 /* IndicatorCircle.swift in Sources */,
				52BDFA512AF7C19F00DFE970 /* LoginView.swift in Sources */,
				528DDA9B2AF832C900E08DEC /* RegiSterProfileView.swift in Sources */,
				EBD2B73B2AE21C61007FD1DA /* FeedModel.swift in Sources */,
				52EFE7AB2AE7AFC800770F03 /* PopularityCellView.swift in Sources */,
				52BDFA542AF7C2F400DFE970 /* SignTextField.swift in Sources */,
				523A7B292AF8F01800EA4D5F /* AlertManager.swift in Sources */,
				EBD411B12AF66B2200A942D6 /* MyPostCollectionViewCell.swift in Sources */,
				EB16BA3F2AF8CEE60036CFE8 /* MyProfileFirebase.swift in Sources */,
				52C18DC92AFCB4A40087BA37 /* RecommendationPlace.swift in Sources */,
				52D998332AD6AB0E00679B15 /* YouTubeViewController.swift in Sources */,
				52D9984C2AD6B32F00679B15 /* Helper.swift in Sources */,
				EBD2B7642AE241E7007FD1DA /* AddPostViewController.swift in Sources */,
				528DDA972AF8304700E08DEC /* AgreementController.swift in Sources */,
				5225A1452AFC866A005CE724 /* LoadingController.swift in Sources */,
				52D998562AD6CDF900679B15 /* TabBarController.swift in Sources */,
				52D998502AD6BAC000679B15 /* MenuCellView.swift in Sources */,
				528DDAA12AF85D9300E08DEC /* Validator.swift in Sources */,
				372923422AF3C191009993F8 /* CalculInfo.swift in Sources */,
				52D9982F2AD6AAF800679B15 /* UserInfoViewController.swift in Sources */,
				EB5EDEE22AEA4030002075F9 /* UserModel.swift in Sources */,
				52D998392AD6AB6600679B15 /* PopularityViewController.swift in Sources */,
				52D998172AD6A89600679B15 /* AppDelegate.swift in Sources */,
				EBD2B7522AE2235C007FD1DA /* FeedFirebaseError.swift in Sources */,
				52713E802AFD1E3000D2F377 /* ImageAPIService.swift in Sources */,
				52D9983F2AD6ABB500679B15 /* StoreViewController.swift in Sources */,
				7DFCD0162AFAB809000644DC /* PetInfoViewController.swift in Sources */,
				52C18DC72AFCB45E0087BA37 /* RecommendationPlaceService.swift in Sources */,
				7DFCD0162AFAB809000644DC /* PetInfoViewController.swift in Sources */,
				7DFCD0162AFAB809000644DC /* PetInfoViewController.swift in Sources */,
				52C18DC72AFCB45E0087BA37 /* RecommendationPlaceService.swift in Sources */,
				EB5EDEEA2AEF4FBF002075F9 /* CommentTitleView.swift in Sources */,
				528DDAA52AF88A7300E08DEC /* Login.swift in Sources */,
				52D9982B2AD6AADC00679B15 /* FeedViewController.swift in Sources */,
				529D7E1D2AFE60E7003A9648 /* PetInfo.swift in Sources */,
				528DDAAA2AF88B2500E08DEC /* AuthService.swift in Sources */,
				52BDFA632AF7FA8800DFE970 /* ResetPasswordController.swift in Sources */,
				528DDA912AF8264800E08DEC /* CheckPasswordView.swift in Sources */,
				EBD2B75A2AE2402F007FD1DA /* ImageCollectionViewCell.swift in Sources */,
				52D9983B2AD6AB9B00679B15 /* MapViewController.swift in Sources */,
				EB17F3E62AF4D39400971859 /* MyPetInfoView.swift in Sources */,
				52F9BC072AFA3297008C4438 /* WebViewController.swift in Sources */,
				52D9984E2AD6B88600679B15 /* MainView.swift in Sources */,
				528DDAA72AF88A8C00E08DEC /* Register.swift in Sources */,
				52D9982D2AD6AAF000679B15 /* MyViewController.swift in Sources */,
				EB5EDEE42AEF3C9C002075F9 /* CommentView.swift in Sources */,
				EBD2B7602AE240FA007FD1DA /* FeedView.swift in Sources */,
				528DDA9E2AF84AE400E08DEC /* AgreementlView.swift in Sources */,
				EB16BA442AFA0FE30036CFE8 /* MyFeedViewController.swift in Sources */,
				526EB6722AE263200073C77D /* RankeImageCellView.swift in Sources */,
				7D95703F2AEA452E00F657FF /* joinFirebase.swift in Sources */,
				EB17F3E22AF48DA600971859 /* MyProfileTitleView.swift in Sources */,
				52D9984A2AD6B0B900679B15 /* Extension.swift in Sources */,
				7DFCD0142AF8E166000644DC /* SettingViewController.swift in Sources */,
				EBD2B7662AE24210007FD1DA /* FeedFirebase.swift in Sources */,
				EBD2B7582AE23FEE007FD1DA /* FeedTableViewCell.swift in Sources */,
				5258C2712AE65C0F00E9FC2B /* RecommendationStore.swift in Sources */,
				EBD2B7622AE2410F007FD1DA /* AddPostView.swift in Sources */,
				52D998352AD6AB1800679B15 /* CalculatorViewController.swift in Sources */,
				EB17F3E42AF492BF00971859 /* MyProfileInfoView.swift in Sources */,
				528DDAA32AF88A5E00E08DEC /* User.swift in Sources */,
				EB17F3E82AF4D3A700971859 /* MyPostView.swift in Sources */,
				528DDA932AF8301E00E08DEC /* RegisterPasswordController.swift in Sources */,
				4E275AB22AE27D3A005146AA /* NaverSearchService.swift in Sources */,
				52BDFA4E2AF7C17400DFE970 /* LoginController.swift in Sources */,
				EBD411AF2AF667F000A942D6 /* MyPetTableViewCell.swift in Sources */,
				1FBA09922AE6732700A3B42C /* YouTubeTableViewCell.swift in Sources */,
				52BDFA612AF7FA7600DFE970 /* FotgotPasswordController.swift in Sources */,
				4E275AB02AE27D27005146AA /* SearchAPIManager.swift in Sources */,
				52D998192AD6A89600679B15 /* SceneDelegate.swift in Sources */,
				5258C2632AE6334600E9FC2B /* ReuseCollectionView.swift in Sources */,
				52BDFA562AF7C30C00DFE970 /* SignButton.swift in Sources */,
				528DDA952AF8303100E08DEC /* RegisterProfileController.swift in Sources */,
				EB5EDEE62AEF484D002075F9 /* CommentTableViewCell.swift in Sources */,
				EB5EDEED2AF10277002075F9 /* CommentInputView.swift in Sources */,
				523A7B252AF8E51200EA4D5F /* ForgotPasswordView.swift in Sources */,
				52BDFA652AF7FB6000DFE970 /* RegisterPasswordView.swift in Sources */,
				EBD2B75E2AE240D1007FD1DA /* FeedTitleView.swift in Sources */,
				52BDFA5F2AF7F9EC00DFE970 /* RegisterEmailController.swift in Sources */,
				52D9983D2AD6ABA700679B15 /* WishViewController.swift in Sources */,
				4E44779F2AFF915000A7A458 /* ImageResiger.swift in Sources */,
				528DDA992AF8307600E08DEC /* RegisterEmailView.swift in Sources */,
				52D998372AD6AB2900679B15 /* MainViewController.swift in Sources */,
				5258C2732AE6651000E9FC2B /* AppStoreNetworking.swift in Sources */,
			);
			runOnlyForDeploymentPostprocessing = 0;
		};
/* End PBXSourcesBuildPhase section */

/* Begin PBXVariantGroup section */
		52D998212AD6A89700679B15 /* LaunchScreen.storyboard */ = {
			isa = PBXVariantGroup;
			children = (
				52D998222AD6A89700679B15 /* Base */,
			);
			name = LaunchScreen.storyboard;
			sourceTree = "<group>";
		};
/* End PBXVariantGroup section */

/* Begin XCBuildConfiguration section */
		52D998252AD6A89700679B15 /* Debug */ = {
			isa = XCBuildConfiguration;
			buildSettings = {
				ALWAYS_SEARCH_USER_PATHS = NO;
				ASSETCATALOG_COMPILER_GENERATE_SWIFT_ASSET_SYMBOL_EXTENSIONS = YES;
				CLANG_ANALYZER_NONNULL = YES;
				CLANG_ANALYZER_NUMBER_OBJECT_CONVERSION = YES_AGGRESSIVE;
				CLANG_CXX_LANGUAGE_STANDARD = "gnu++20";
				CLANG_ENABLE_MODULES = YES;
				CLANG_ENABLE_OBJC_ARC = YES;
				CLANG_ENABLE_OBJC_WEAK = YES;
				CLANG_WARN_BLOCK_CAPTURE_AUTORELEASING = YES;
				CLANG_WARN_BOOL_CONVERSION = YES;
				CLANG_WARN_COMMA = YES;
				CLANG_WARN_CONSTANT_CONVERSION = YES;
				CLANG_WARN_DEPRECATED_OBJC_IMPLEMENTATIONS = YES;
				CLANG_WARN_DIRECT_OBJC_ISA_USAGE = YES_ERROR;
				CLANG_WARN_DOCUMENTATION_COMMENTS = YES;
				CLANG_WARN_EMPTY_BODY = YES;
				CLANG_WARN_ENUM_CONVERSION = YES;
				CLANG_WARN_INFINITE_RECURSION = YES;
				CLANG_WARN_INT_CONVERSION = YES;
				CLANG_WARN_NON_LITERAL_NULL_CONVERSION = YES;
				CLANG_WARN_OBJC_IMPLICIT_RETAIN_SELF = YES;
				CLANG_WARN_OBJC_LITERAL_CONVERSION = YES;
				CLANG_WARN_OBJC_ROOT_CLASS = YES_ERROR;
				CLANG_WARN_QUOTED_INCLUDE_IN_FRAMEWORK_HEADER = YES;
				CLANG_WARN_RANGE_LOOP_ANALYSIS = YES;
				CLANG_WARN_STRICT_PROTOTYPES = YES;
				CLANG_WARN_SUSPICIOUS_MOVE = YES;
				CLANG_WARN_UNGUARDED_AVAILABILITY = YES_AGGRESSIVE;
				CLANG_WARN_UNREACHABLE_CODE = YES;
				CLANG_WARN__DUPLICATE_METHOD_MATCH = YES;
				COPY_PHASE_STRIP = NO;
				DEBUG_INFORMATION_FORMAT = dwarf;
				ENABLE_STRICT_OBJC_MSGSEND = YES;
				ENABLE_TESTABILITY = YES;
				ENABLE_USER_SCRIPT_SANDBOXING = NO;
				GCC_C_LANGUAGE_STANDARD = gnu17;
				GCC_DYNAMIC_NO_PIC = NO;
				GCC_NO_COMMON_BLOCKS = YES;
				GCC_OPTIMIZATION_LEVEL = 0;
				GCC_PREPROCESSOR_DEFINITIONS = (
					"DEBUG=1",
					"$(inherited)",
				);
				GCC_WARN_64_TO_32_BIT_CONVERSION = YES;
				GCC_WARN_ABOUT_RETURN_TYPE = YES_ERROR;
				GCC_WARN_UNDECLARED_SELECTOR = YES;
				GCC_WARN_UNINITIALIZED_AUTOS = YES_AGGRESSIVE;
				GCC_WARN_UNUSED_FUNCTION = YES;
				GCC_WARN_UNUSED_VARIABLE = YES;
				IPHONEOS_DEPLOYMENT_TARGET = 15.0;
				LOCALIZATION_PREFERS_STRING_CATALOGS = YES;
				MTL_ENABLE_DEBUG_INFO = INCLUDE_SOURCE;
				MTL_FAST_MATH = YES;
				ONLY_ACTIVE_ARCH = YES;
				SDKROOT = iphoneos;
				SWIFT_ACTIVE_COMPILATION_CONDITIONS = "DEBUG $(inherited)";
				SWIFT_OPTIMIZATION_LEVEL = "-Onone";
			};
			name = Debug;
		};
		52D998262AD6A89700679B15 /* Release */ = {
			isa = XCBuildConfiguration;
			buildSettings = {
				ALWAYS_SEARCH_USER_PATHS = NO;
				ASSETCATALOG_COMPILER_GENERATE_SWIFT_ASSET_SYMBOL_EXTENSIONS = YES;
				CLANG_ANALYZER_NONNULL = YES;
				CLANG_ANALYZER_NUMBER_OBJECT_CONVERSION = YES_AGGRESSIVE;
				CLANG_CXX_LANGUAGE_STANDARD = "gnu++20";
				CLANG_ENABLE_MODULES = YES;
				CLANG_ENABLE_OBJC_ARC = YES;
				CLANG_ENABLE_OBJC_WEAK = YES;
				CLANG_WARN_BLOCK_CAPTURE_AUTORELEASING = YES;
				CLANG_WARN_BOOL_CONVERSION = YES;
				CLANG_WARN_COMMA = YES;
				CLANG_WARN_CONSTANT_CONVERSION = YES;
				CLANG_WARN_DEPRECATED_OBJC_IMPLEMENTATIONS = YES;
				CLANG_WARN_DIRECT_OBJC_ISA_USAGE = YES_ERROR;
				CLANG_WARN_DOCUMENTATION_COMMENTS = YES;
				CLANG_WARN_EMPTY_BODY = YES;
				CLANG_WARN_ENUM_CONVERSION = YES;
				CLANG_WARN_INFINITE_RECURSION = YES;
				CLANG_WARN_INT_CONVERSION = YES;
				CLANG_WARN_NON_LITERAL_NULL_CONVERSION = YES;
				CLANG_WARN_OBJC_IMPLICIT_RETAIN_SELF = YES;
				CLANG_WARN_OBJC_LITERAL_CONVERSION = YES;
				CLANG_WARN_OBJC_ROOT_CLASS = YES_ERROR;
				CLANG_WARN_QUOTED_INCLUDE_IN_FRAMEWORK_HEADER = YES;
				CLANG_WARN_RANGE_LOOP_ANALYSIS = YES;
				CLANG_WARN_STRICT_PROTOTYPES = YES;
				CLANG_WARN_SUSPICIOUS_MOVE = YES;
				CLANG_WARN_UNGUARDED_AVAILABILITY = YES_AGGRESSIVE;
				CLANG_WARN_UNREACHABLE_CODE = YES;
				CLANG_WARN__DUPLICATE_METHOD_MATCH = YES;
				COPY_PHASE_STRIP = NO;
				DEBUG_INFORMATION_FORMAT = "dwarf-with-dsym";
				ENABLE_NS_ASSERTIONS = NO;
				ENABLE_STRICT_OBJC_MSGSEND = YES;
				ENABLE_USER_SCRIPT_SANDBOXING = NO;
				GCC_C_LANGUAGE_STANDARD = gnu17;
				GCC_NO_COMMON_BLOCKS = YES;
				GCC_WARN_64_TO_32_BIT_CONVERSION = YES;
				GCC_WARN_ABOUT_RETURN_TYPE = YES_ERROR;
				GCC_WARN_UNDECLARED_SELECTOR = YES;
				GCC_WARN_UNINITIALIZED_AUTOS = YES_AGGRESSIVE;
				GCC_WARN_UNUSED_FUNCTION = YES;
				GCC_WARN_UNUSED_VARIABLE = YES;
				IPHONEOS_DEPLOYMENT_TARGET = 15.0;
				LOCALIZATION_PREFERS_STRING_CATALOGS = YES;
				MTL_ENABLE_DEBUG_INFO = NO;
				MTL_FAST_MATH = YES;
				SDKROOT = iphoneos;
				SWIFT_COMPILATION_MODE = wholemodule;
				VALIDATE_PRODUCT = YES;
			};
			name = Release;
		};
		52D998282AD6A89700679B15 /* Debug */ = {
			isa = XCBuildConfiguration;
			baseConfigurationReference = 211A4D9FC879324F15DA3B42 /* Pods-DearMyFriend.debug.xcconfig */;
			buildSettings = {
				ASSETCATALOG_COMPILER_APPICON_NAME = AppIcon;
				ASSETCATALOG_COMPILER_GLOBAL_ACCENT_COLOR_NAME = AccentColor;
				CODE_SIGN_ENTITLEMENTS = DearMyFriend/DearMyFriend.entitlements;
				CODE_SIGN_STYLE = Automatic;
				CURRENT_PROJECT_VERSION = 1;
				DEVELOPMENT_TEAM = 9A69549U7C;
				GENERATE_INFOPLIST_FILE = YES;
				INFOPLIST_FILE = DearMyFriend/Info.plist;
				INFOPLIST_KEY_NSLocationWhenInUseUsageDescription = "위치 권한 허용 - 좀 쓸께요~";
				INFOPLIST_KEY_UIApplicationSupportsIndirectInputEvents = YES;
				INFOPLIST_KEY_UILaunchStoryboardName = LaunchScreen;
				INFOPLIST_KEY_UIStatusBarStyle = "";
				INFOPLIST_KEY_UISupportedInterfaceOrientations_iPad = "UIInterfaceOrientationLandscapeLeft UIInterfaceOrientationLandscapeRight UIInterfaceOrientationPortrait UIInterfaceOrientationPortraitUpsideDown";
				IPHONEOS_DEPLOYMENT_TARGET = 15.0;
				LD_RUNPATH_SEARCH_PATHS = (
					"$(inherited)",
					"@executable_path/Frameworks",
				);
				MARKETING_VERSION = 1.0;
				PRODUCT_BUNDLE_IDENTIFIER = com.DearMyFriend.DearMyFriend;
				PRODUCT_NAME = "$(TARGET_NAME)";
				SUPPORTED_PLATFORMS = "iphoneos iphonesimulator";
				SUPPORTS_MACCATALYST = NO;
				SUPPORTS_MAC_DESIGNED_FOR_IPHONE_IPAD = NO;
				SWIFT_EMIT_LOC_STRINGS = YES;
				SWIFT_VERSION = 5.0;
				TARGETED_DEVICE_FAMILY = 1;
			};
			name = Debug;
		};
		52D998292AD6A89700679B15 /* Release */ = {
			isa = XCBuildConfiguration;
			baseConfigurationReference = 5FA86767F069DDC92CC19989 /* Pods-DearMyFriend.release.xcconfig */;
			buildSettings = {
				ASSETCATALOG_COMPILER_APPICON_NAME = AppIcon;
				ASSETCATALOG_COMPILER_GLOBAL_ACCENT_COLOR_NAME = AccentColor;
				CODE_SIGN_ENTITLEMENTS = DearMyFriend/DearMyFriend.entitlements;
				CODE_SIGN_STYLE = Automatic;
				CURRENT_PROJECT_VERSION = 1;
				DEVELOPMENT_TEAM = 9A69549U7C;
				GENERATE_INFOPLIST_FILE = YES;
				INFOPLIST_FILE = DearMyFriend/Info.plist;
				INFOPLIST_KEY_NSLocationWhenInUseUsageDescription = "위치 권한 허용 - 좀 쓸께요~";
				INFOPLIST_KEY_UIApplicationSupportsIndirectInputEvents = YES;
				INFOPLIST_KEY_UILaunchStoryboardName = LaunchScreen;
				INFOPLIST_KEY_UIStatusBarStyle = "";
				INFOPLIST_KEY_UISupportedInterfaceOrientations_iPad = "UIInterfaceOrientationLandscapeLeft UIInterfaceOrientationLandscapeRight UIInterfaceOrientationPortrait UIInterfaceOrientationPortraitUpsideDown";
				IPHONEOS_DEPLOYMENT_TARGET = 15.0;
				LD_RUNPATH_SEARCH_PATHS = (
					"$(inherited)",
					"@executable_path/Frameworks",
				);
				MARKETING_VERSION = 1.0;
				PRODUCT_BUNDLE_IDENTIFIER = com.DearMyFriend.DearMyFriend;
				PRODUCT_NAME = "$(TARGET_NAME)";
				SUPPORTED_PLATFORMS = "iphoneos iphonesimulator";
				SUPPORTS_MACCATALYST = NO;
				SUPPORTS_MAC_DESIGNED_FOR_IPHONE_IPAD = NO;
				SWIFT_EMIT_LOC_STRINGS = YES;
				SWIFT_VERSION = 5.0;
				TARGETED_DEVICE_FAMILY = 1;
			};
			name = Release;
		};
/* End XCBuildConfiguration section */

/* Begin XCConfigurationList section */
		52D9980E2AD6A89600679B15 /* Build configuration list for PBXProject "DearMyFriend" */ = {
			isa = XCConfigurationList;
			buildConfigurations = (
				52D998252AD6A89700679B15 /* Debug */,
				52D998262AD6A89700679B15 /* Release */,
			);
			defaultConfigurationIsVisible = 0;
			defaultConfigurationName = Release;
		};
		52D998272AD6A89700679B15 /* Build configuration list for PBXNativeTarget "DearMyFriend" */ = {
			isa = XCConfigurationList;
			buildConfigurations = (
				52D998282AD6A89700679B15 /* Debug */,
				52D998292AD6A89700679B15 /* Release */,
			);
			defaultConfigurationIsVisible = 0;
			defaultConfigurationName = Release;
		};
/* End XCConfigurationList section */

/* Begin XCRemoteSwiftPackageReference section */
		4E2F96752B017EA200FED791 /* XCRemoteSwiftPackageReference "Toast-Swift" */ = {
			isa = XCRemoteSwiftPackageReference;
			repositoryURL = "https://github.com/scalessec/Toast-Swift.git";
			requirement = {
				kind = upToNextMajorVersion;
				minimumVersion = 5.0.0;
			};
		};
		EB16BA402AF9F0F10036CFE8 /* XCRemoteSwiftPackageReference "Kingfisher" */ = {
			isa = XCRemoteSwiftPackageReference;
			repositoryURL = "https://github.com/onevcat/Kingfisher.git";
			requirement = {
				kind = upToNextMajorVersion;
				minimumVersion = 7.0.0;
			};
		};
		EBD2B73C2AE221F5007FD1DA /* XCRemoteSwiftPackageReference "firebase-ios-sdk" */ = {
			isa = XCRemoteSwiftPackageReference;
			repositoryURL = "https://github.com/firebase/firebase-ios-sdk.git";
			requirement = {
				kind = upToNextMajorVersion;
				minimumVersion = 10.0.0;
			};
		};
		EBD2B7482AE2221B007FD1DA /* XCRemoteSwiftPackageReference "lottie-ios" */ = {
			isa = XCRemoteSwiftPackageReference;
			repositoryURL = "https://github.com/airbnb/lottie-ios";
			requirement = {
				kind = upToNextMajorVersion;
				minimumVersion = 4.0.0;
			};
		};
		EBD2B74B2AE22232007FD1DA /* XCRemoteSwiftPackageReference "Moya" */ = {
			isa = XCRemoteSwiftPackageReference;
			repositoryURL = "https://github.com/Moya/Moya.git";
			requirement = {
				kind = upToNextMajorVersion;
				minimumVersion = 15.0.0;
			};
		};
		EBD2B74E2AE22241007FD1DA /* XCRemoteSwiftPackageReference "SnapKit" */ = {
			isa = XCRemoteSwiftPackageReference;
			repositoryURL = "https://github.com/SnapKit/SnapKit";
			requirement = {
				kind = upToNextMajorVersion;
				minimumVersion = 5.0.0;
			};
		};
/* End XCRemoteSwiftPackageReference section */

/* Begin XCSwiftPackageProductDependency section */
		4E2F96762B017EA300FED791 /* Toast */ = {
			isa = XCSwiftPackageProductDependency;
			package = 4E2F96752B017EA200FED791 /* XCRemoteSwiftPackageReference "Toast-Swift" */;
			productName = Toast;
		};
		525C365E2AF8BFCA001F76AB /* FirebaseAnalytics */ = {
			isa = XCSwiftPackageProductDependency;
			productName = FirebaseAnalytics;
		};
		525C36602AF8BFCA001F76AB /* FirebaseAnalyticsOnDeviceConversion */ = {
			isa = XCSwiftPackageProductDependency;
			productName = FirebaseAnalyticsOnDeviceConversion;
		};
		525C36622AF8BFCA001F76AB /* FirebaseAnalyticsSwift */ = {
			isa = XCSwiftPackageProductDependency;
			productName = FirebaseAnalyticsSwift;
		};
		525C36642AF8BFCA001F76AB /* FirebaseAnalyticsWithoutAdIdSupport */ = {
			isa = XCSwiftPackageProductDependency;
			productName = FirebaseAnalyticsWithoutAdIdSupport;
		};
		525C36662AF8BFCA001F76AB /* FirebaseAppCheck */ = {
			isa = XCSwiftPackageProductDependency;
			productName = FirebaseAppCheck;
		};
		525C36682AF8BFCA001F76AB /* FirebaseAppDistribution-Beta */ = {
			isa = XCSwiftPackageProductDependency;
			productName = "FirebaseAppDistribution-Beta";
		};
		525C366A2AF8BFCA001F76AB /* FirebaseAuth */ = {
			isa = XCSwiftPackageProductDependency;
			productName = FirebaseAuth;
		};
		525C366C2AF8BFCA001F76AB /* FirebaseAuthCombine-Community */ = {
			isa = XCSwiftPackageProductDependency;
			productName = "FirebaseAuthCombine-Community";
		};
		525C366E2AF8BFCA001F76AB /* FirebaseCrashlytics */ = {
			isa = XCSwiftPackageProductDependency;
			productName = FirebaseCrashlytics;
		};
		525C36702AF8BFCA001F76AB /* FirebaseDatabase */ = {
			isa = XCSwiftPackageProductDependency;
			productName = FirebaseDatabase;
		};
		525C36722AF8BFCA001F76AB /* FirebaseDatabaseSwift */ = {
			isa = XCSwiftPackageProductDependency;
			productName = FirebaseDatabaseSwift;
		};
		525C36742AF8BFCA001F76AB /* FirebaseDynamicLinks */ = {
			isa = XCSwiftPackageProductDependency;
			productName = FirebaseDynamicLinks;
		};
		525C36762AF8BFCA001F76AB /* FirebaseFirestore */ = {
			isa = XCSwiftPackageProductDependency;
			productName = FirebaseFirestore;
		};
		525C36782AF8BFCA001F76AB /* FirebaseFirestoreCombine-Community */ = {
			isa = XCSwiftPackageProductDependency;
			productName = "FirebaseFirestoreCombine-Community";
		};
		525C367A2AF8BFCA001F76AB /* FirebaseFirestoreSwift */ = {
			isa = XCSwiftPackageProductDependency;
			productName = FirebaseFirestoreSwift;
		};
		525C367C2AF8BFCA001F76AB /* FirebaseFunctions */ = {
			isa = XCSwiftPackageProductDependency;
			productName = FirebaseFunctions;
		};
		525C367E2AF8BFCA001F76AB /* FirebaseFunctionsCombine-Community */ = {
			isa = XCSwiftPackageProductDependency;
			productName = "FirebaseFunctionsCombine-Community";
		};
		525C36802AF8BFCA001F76AB /* FirebaseInAppMessaging-Beta */ = {
			isa = XCSwiftPackageProductDependency;
			productName = "FirebaseInAppMessaging-Beta";
		};
		525C36822AF8BFCA001F76AB /* FirebaseInAppMessagingSwift-Beta */ = {
			isa = XCSwiftPackageProductDependency;
			productName = "FirebaseInAppMessagingSwift-Beta";
		};
		525C36842AF8BFCA001F76AB /* FirebaseInstallations */ = {
			isa = XCSwiftPackageProductDependency;
			productName = FirebaseInstallations;
		};
		525C36862AF8BFCA001F76AB /* FirebaseMLModelDownloader */ = {
			isa = XCSwiftPackageProductDependency;
			productName = FirebaseMLModelDownloader;
		};
		525C36882AF8BFCA001F76AB /* FirebaseMessaging */ = {
			isa = XCSwiftPackageProductDependency;
			productName = FirebaseMessaging;
		};
		525C368A2AF8BFCA001F76AB /* FirebasePerformance */ = {
			isa = XCSwiftPackageProductDependency;
			productName = FirebasePerformance;
		};
		525C368C2AF8BFCA001F76AB /* FirebaseRemoteConfig */ = {
			isa = XCSwiftPackageProductDependency;
			productName = FirebaseRemoteConfig;
		};
		525C368E2AF8BFCA001F76AB /* FirebaseRemoteConfigSwift */ = {
			isa = XCSwiftPackageProductDependency;
			productName = FirebaseRemoteConfigSwift;
		};
		525C36902AF8BFCA001F76AB /* FirebaseStorage */ = {
			isa = XCSwiftPackageProductDependency;
			productName = FirebaseStorage;
		};
		525C36922AF8BFCA001F76AB /* FirebaseStorageCombine-Community */ = {
			isa = XCSwiftPackageProductDependency;
			productName = "FirebaseStorageCombine-Community";
		};
		525C36942AF8C072001F76AB /* FirebaseAnalytics */ = {
			isa = XCSwiftPackageProductDependency;
			productName = FirebaseAnalytics;
		};
		525C36962AF8C072001F76AB /* FirebaseAnalyticsOnDeviceConversion */ = {
			isa = XCSwiftPackageProductDependency;
			productName = FirebaseAnalyticsOnDeviceConversion;
		};
		525C36982AF8C072001F76AB /* FirebaseAnalyticsSwift */ = {
			isa = XCSwiftPackageProductDependency;
			productName = FirebaseAnalyticsSwift;
		};
		525C369A2AF8C072001F76AB /* FirebaseAnalyticsWithoutAdIdSupport */ = {
			isa = XCSwiftPackageProductDependency;
			productName = FirebaseAnalyticsWithoutAdIdSupport;
		};
		525C369C2AF8C072001F76AB /* FirebaseAppCheck */ = {
			isa = XCSwiftPackageProductDependency;
			productName = FirebaseAppCheck;
		};
		525C369E2AF8C072001F76AB /* FirebaseAppDistribution-Beta */ = {
			isa = XCSwiftPackageProductDependency;
			productName = "FirebaseAppDistribution-Beta";
		};
		525C36A02AF8C072001F76AB /* FirebaseAuth */ = {
			isa = XCSwiftPackageProductDependency;
			productName = FirebaseAuth;
		};
		525C36A22AF8C072001F76AB /* FirebaseAuthCombine-Community */ = {
			isa = XCSwiftPackageProductDependency;
			productName = "FirebaseAuthCombine-Community";
		};
		525C36A42AF8C072001F76AB /* FirebaseCrashlytics */ = {
			isa = XCSwiftPackageProductDependency;
			productName = FirebaseCrashlytics;
		};
		525C36A62AF8C072001F76AB /* FirebaseDatabase */ = {
			isa = XCSwiftPackageProductDependency;
			productName = FirebaseDatabase;
		};
		525C36A82AF8C072001F76AB /* FirebaseDatabaseSwift */ = {
			isa = XCSwiftPackageProductDependency;
			productName = FirebaseDatabaseSwift;
		};
		525C36AA2AF8C072001F76AB /* FirebaseDynamicLinks */ = {
			isa = XCSwiftPackageProductDependency;
			productName = FirebaseDynamicLinks;
		};
		525C36AC2AF8C072001F76AB /* FirebaseFirestore */ = {
			isa = XCSwiftPackageProductDependency;
			productName = FirebaseFirestore;
		};
		525C36AE2AF8C072001F76AB /* FirebaseFirestoreCombine-Community */ = {
			isa = XCSwiftPackageProductDependency;
			productName = "FirebaseFirestoreCombine-Community";
		};
		525C36B02AF8C072001F76AB /* FirebaseFirestoreSwift */ = {
			isa = XCSwiftPackageProductDependency;
			productName = FirebaseFirestoreSwift;
		};
		525C36B22AF8C072001F76AB /* FirebaseFunctions */ = {
			isa = XCSwiftPackageProductDependency;
			productName = FirebaseFunctions;
		};
		525C36B42AF8C072001F76AB /* FirebaseFunctionsCombine-Community */ = {
			isa = XCSwiftPackageProductDependency;
			productName = "FirebaseFunctionsCombine-Community";
		};
		525C36B62AF8C072001F76AB /* FirebaseInAppMessaging-Beta */ = {
			isa = XCSwiftPackageProductDependency;
			productName = "FirebaseInAppMessaging-Beta";
		};
		525C36B82AF8C072001F76AB /* FirebaseInAppMessagingSwift-Beta */ = {
			isa = XCSwiftPackageProductDependency;
			productName = "FirebaseInAppMessagingSwift-Beta";
		};
		525C36BA2AF8C072001F76AB /* FirebaseInstallations */ = {
			isa = XCSwiftPackageProductDependency;
			productName = FirebaseInstallations;
		};
		525C36BC2AF8C072001F76AB /* FirebaseMLModelDownloader */ = {
			isa = XCSwiftPackageProductDependency;
			productName = FirebaseMLModelDownloader;
		};
		525C36BE2AF8C072001F76AB /* FirebaseMessaging */ = {
			isa = XCSwiftPackageProductDependency;
			productName = FirebaseMessaging;
		};
		525C36C02AF8C072001F76AB /* FirebasePerformance */ = {
			isa = XCSwiftPackageProductDependency;
			productName = FirebasePerformance;
		};
		525C36C22AF8C072001F76AB /* FirebaseRemoteConfig */ = {
			isa = XCSwiftPackageProductDependency;
			productName = FirebaseRemoteConfig;
		};
		525C36C42AF8C072001F76AB /* FirebaseRemoteConfigSwift */ = {
			isa = XCSwiftPackageProductDependency;
			productName = FirebaseRemoteConfigSwift;
		};
		525C36C62AF8C072001F76AB /* FirebaseStorage */ = {
			isa = XCSwiftPackageProductDependency;
			productName = FirebaseStorage;
		};
		525C36C82AF8C072001F76AB /* FirebaseStorageCombine-Community */ = {
			isa = XCSwiftPackageProductDependency;
			productName = "FirebaseStorageCombine-Community";
		};
		EB16BA412AF9F0F10036CFE8 /* Kingfisher */ = {
			isa = XCSwiftPackageProductDependency;
			package = EB16BA402AF9F0F10036CFE8 /* XCRemoteSwiftPackageReference "Kingfisher" */;
			productName = Kingfisher;
		};
		EBD2B73D2AE221F5007FD1DA /* FirebaseAnalytics */ = {
			isa = XCSwiftPackageProductDependency;
			package = EBD2B73C2AE221F5007FD1DA /* XCRemoteSwiftPackageReference "firebase-ios-sdk" */;
			productName = FirebaseAnalytics;
		};
		EBD2B73F2AE221F5007FD1DA /* FirebaseFirestore */ = {
			isa = XCSwiftPackageProductDependency;
			package = EBD2B73C2AE221F5007FD1DA /* XCRemoteSwiftPackageReference "firebase-ios-sdk" */;
			productName = FirebaseFirestore;
		};
		EBD2B7412AE221F5007FD1DA /* FirebaseFirestoreSwift */ = {
			isa = XCSwiftPackageProductDependency;
			package = EBD2B73C2AE221F5007FD1DA /* XCRemoteSwiftPackageReference "firebase-ios-sdk" */;
			productName = FirebaseFirestoreSwift;
		};
		EBD2B7432AE221F5007FD1DA /* FirebaseStorage */ = {
			isa = XCSwiftPackageProductDependency;
			package = EBD2B73C2AE221F5007FD1DA /* XCRemoteSwiftPackageReference "firebase-ios-sdk" */;
			productName = FirebaseStorage;
		};
		EBD2B7492AE2221B007FD1DA /* Lottie */ = {
			isa = XCSwiftPackageProductDependency;
			package = EBD2B7482AE2221B007FD1DA /* XCRemoteSwiftPackageReference "lottie-ios" */;
			productName = Lottie;
		};
		EBD2B74C2AE22232007FD1DA /* Moya */ = {
			isa = XCSwiftPackageProductDependency;
			package = EBD2B74B2AE22232007FD1DA /* XCRemoteSwiftPackageReference "Moya" */;
			productName = Moya;
		};
		EBD2B74F2AE22241007FD1DA /* SnapKit */ = {
			isa = XCSwiftPackageProductDependency;
			package = EBD2B74E2AE22241007FD1DA /* XCRemoteSwiftPackageReference "SnapKit" */;
			productName = SnapKit;
		};
/* End XCSwiftPackageProductDependency section */
	};
	rootObject = 52D9980B2AD6A89600679B15 /* Project object */;
}
